
Microsoft Visual Studio Solution File, Format Version 12.00
# Visual Studio Version 17
VisualStudioVersion = 17.2.32630.192
MinimumVisualStudioVersion = 10.0.40219.1
Project("{9A19103F-16F7-4668-BE54-9A1E7A4F7556}") = "R5T.L0056", "R5T.L0056\R5T.L0056.csproj", "{08D674DF-4C24-4B12-8F9B-C8FFC672F6B8}"
EndProject
Project("{2150E333-8FDC-42A3-9474-1A3956D46DE8}") = "_Dependencies", "_Dependencies", "{909228AD-5BF8-401F-A094-9D6A0E0464E9}"
EndProject
Project("{9A19103F-16F7-4668-BE54-9A1E7A4F7556}") = "R5T.L0053", "..\..\R5T.L0053\source\R5T.L0053\R5T.L0053.csproj", "{816C52EC-1BE0-49AB-A32E-241C890164A5}"
EndProject
Project("{9A19103F-16F7-4668-BE54-9A1E7A4F7556}") = "R5T.T0131", "..\..\R5T.T0131\source\R5T.T0131\R5T.T0131.csproj", "{BA2FC625-04F6-4D73-93D0-51E78635E0FF}"
EndProject
Project("{9A19103F-16F7-4668-BE54-9A1E7A4F7556}") = "R5T.T0132", "..\..\R5T.T0132\source\R5T.T0132\R5T.T0132.csproj", "{AEA7963A-ED39-4A79-AAAC-60734D552664}"
EndProject
Project("{9A19103F-16F7-4668-BE54-9A1E7A4F7556}") = "R5T.T0142", "..\..\R5T.T0142\source\R5T.T0142\R5T.T0142.csproj", "{5530DCB5-EF81-4A4D-8A8A-62241C08D38C}"
EndProject
Project("{9A19103F-16F7-4668-BE54-9A1E7A4F7556}") = "R5T.T0143", "..\..\R5T.T0143\source\R5T.T0143\R5T.T0143.csproj", "{0A1883BD-B27C-4F48-8DEC-51F870567461}"
EndProject
Project("{9A19103F-16F7-4668-BE54-9A1E7A4F7556}") = "R5T.T0150", "..\..\R5T.T0150\source\R5T.T0150\R5T.T0150.csproj", "{E8481463-853B-4A24-9B22-EC9158FE23E0}"
EndProject
Project("{9A19103F-16F7-4668-BE54-9A1E7A4F7556}") = "R5T.T0151", "..\..\R5T.T0151\source\R5T.T0151\R5T.T0151.csproj", "{605D9036-BA81-4BAD-BA28-348457D6FFDE}"
EndProject
Project("{9A19103F-16F7-4668-BE54-9A1E7A4F7556}") = "R5T.T0156", "..\..\R5T.T0156\source\R5T.T0156\R5T.T0156.csproj", "{79D516D0-0C93-4084-AB16-341734E9092F}"
EndProject
Project("{9A19103F-16F7-4668-BE54-9A1E7A4F7556}") = "R5T.T0172", "..\..\R5T.T0172\source\R5T.T0172\R5T.T0172.csproj", "{39FAE96F-5D89-4940-9FB0-463F37666009}"
EndProject
Project("{9A19103F-16F7-4668-BE54-9A1E7A4F7556}") = "R5T.T0178", "..\..\R5T.T0178\source\R5T.T0178\R5T.T0178.csproj", "{CEAF8160-D2CB-453D-81DD-368A7AA1C15F}"
EndProject
Project("{9A19103F-16F7-4668-BE54-9A1E7A4F7556}") = "R5T.T0179", "..\..\R5T.T0179\source\R5T.T0179\R5T.T0179.csproj", "{AC876581-D78A-42F0-A884-CEF2BBBB6157}"
EndProject
Project("{9A19103F-16F7-4668-BE54-9A1E7A4F7556}") = "R5T.T0180", "..\..\R5T.T0180\source\R5T.T0180\R5T.T0180.csproj", "{41BA6DF7-04E4-4F91-B893-65A3F4ADFD14}"
EndProject
Project("{9A19103F-16F7-4668-BE54-9A1E7A4F7556}") = "R5T.T0181", "..\..\R5T.T0181\source\R5T.T0181\R5T.T0181.csproj", "{A6290949-9C72-4374-BC20-2FC505E5112A}"
EndProject
Project("{9A19103F-16F7-4668-BE54-9A1E7A4F7556}") = "R5T.T0199", "..\..\R5T.T0199\source\R5T.T0199\R5T.T0199.csproj", "{87A7100E-A93D-4F83-9177-3FD8EBBD11F2}"
EndProject
Project("{9A19103F-16F7-4668-BE54-9A1E7A4F7556}") = "R5T.T0213", "..\..\R5T.T0213\source\R5T.T0213\R5T.T0213.csproj", "{91E870D0-DBC7-4DDA-86AB-7F40D2E0A305}"
EndProject
Project("{9A19103F-16F7-4668-BE54-9A1E7A4F7556}") = "R5T.T0221", "..\..\R5T.T0221\source\R5T.T0221\R5T.T0221.csproj", "{9B0DDD6C-7EF3-47EB-9546-BF3E794A8F48}"
EndProject
Project("{9A19103F-16F7-4668-BE54-9A1E7A4F7556}") = "R5T.T0227", "..\..\R5T.T0227\source\R5T.T0227\R5T.T0227.csproj", "{BA9B0556-CB92-45A8-A815-99519846151A}"
EndProject
Project("{9A19103F-16F7-4668-BE54-9A1E7A4F7556}") = "R5T.Y0000", "..\..\R5T.Y0000\source\R5T.Y0000\R5T.Y0000.csproj", "{4D230B65-381B-4324-BFB1-801B8D154915}"
EndProject
Project("{9A19103F-16F7-4668-BE54-9A1E7A4F7556}") = "R5T.Z0000", "..\..\R5T.Z0000\source\R5T.Z0000\R5T.Z0000.csproj", "{82C15B06-C329-45CD-8154-7FC18C629725}"
EndProject
Project("{9A19103F-16F7-4668-BE54-9A1E7A4F7556}") = "R5T.Z0010.Platform", "..\..\R5T.Z0010\source\R5T.Z0010.Platform\R5T.Z0010.Platform.csproj", "{1E606A58-6B77-462E-8D28-11216255AE10}"
EndProject
Project("{9A19103F-16F7-4668-BE54-9A1E7A4F7556}") = "R5T.Z0010", "..\..\R5T.Z0010\source\R5T.Z0010\R5T.Z0010.csproj", "{CCD583BE-2396-43D2-843C-056039650CD3}"
EndProject
Project("{9A19103F-16F7-4668-BE54-9A1E7A4F7556}") = "R5T.F0000", "..\..\R5T.F0000\source\R5T.F0000\R5T.F0000.csproj", "{9643B6D2-2018-42D5-8A44-1631B5263A68}"
EndProject
Project("{9A19103F-16F7-4668-BE54-9A1E7A4F7556}") = "R5T.F0059", "..\..\R5T.F0059\source\R5T.F0059\R5T.F0059.csproj", "{DA6D3CF1-757F-41EE-BED3-B0710BEE5F90}"
EndProject
Project("{9A19103F-16F7-4668-BE54-9A1E7A4F7556}") = "R5T.L0030.T000", "..\..\R5T.L0030\source\R5T.L0030.T000\R5T.L0030.T000.csproj", "{DC2E11EF-030B-4AE2-AF44-ED197B11E886}"
EndProject
Project("{9A19103F-16F7-4668-BE54-9A1E7A4F7556}") = "R5T.L0066", "..\..\R5T.L0066\source\R5T.L0066\R5T.L0066.csproj", "{67D26B2A-80B9-488F-A8E7-2BBD4815DA6F}"
EndProject
Project("{9A19103F-16F7-4668-BE54-9A1E7A4F7556}") = "R5T.L0074", "..\..\R5T.L0074\source\R5T.L0074\R5T.L0074.csproj", "{C34E747C-1888-447C-A040-BFEE5B6D8B53}"
EndProject
Project("{9A19103F-16F7-4668-BE54-9A1E7A4F7556}") = "R5T.NG0006", "..\..\R5T.NG0006\source\R5T.NG0006\R5T.NG0006.csproj", "{D2034697-AB91-43D4-9191-3957E1E2AB7A}"
EndProject
Project("{9A19103F-16F7-4668-BE54-9A1E7A4F7556}") = "R5T.T0158", "..\..\R5T.T0158\source\R5T.T0158\R5T.T0158.csproj", "{055E2F9D-0D06-4E6D-9784-D81E0470E186}"
EndProject
Project("{9A19103F-16F7-4668-BE54-9A1E7A4F7556}") = "R5T.T0159", "..\..\R5T.T0159\source\R5T.T0159\R5T.T0159.csproj", "{E6C882CB-0429-4274-B57E-714021870020}"
EndProject
Project("{9A19103F-16F7-4668-BE54-9A1E7A4F7556}") = "R5T.T0185", "..\..\R5T.T0185\source\R5T.T0185\R5T.T0185.csproj", "{56E5DC8D-646F-4F4E-8FA9-20FBA95E202B}"
EndProject
Project("{9A19103F-16F7-4668-BE54-9A1E7A4F7556}") = "R5T.T0199.T000", "..\..\R5T.T0199\source\R5T.T0199.T000\R5T.T0199.T000.csproj", "{6BB8EFA6-E3CA-47AA-988C-C9C991088D4A}"
EndProject
Project("{9A19103F-16F7-4668-BE54-9A1E7A4F7556}") = "R5T.T0199.T001", "..\..\R5T.T0199\source\R5T.T0199.T001\R5T.T0199.T001.csproj", "{F2A8A786-F9DF-4887-B8A3-6F585D684F2D}"
EndProject
Project("{9A19103F-16F7-4668-BE54-9A1E7A4F7556}") = "R5T.T0203", "..\..\R5T.T0203\source\R5T.T0203\R5T.T0203.csproj", "{65258DB7-04B7-477D-8BB4-23686539F25C}"
EndProject
Project("{9A19103F-16F7-4668-BE54-9A1E7A4F7556}") = "R5T.T0218", "..\..\R5T.T0218\source\R5T.T0218\R5T.T0218.csproj", "{29664C61-9D7B-49D8-8F6F-E869FD09C68A}"
EndProject
Project("{9A19103F-16F7-4668-BE54-9A1E7A4F7556}") = "R5T.T0219", "..\..\R5T.T0219\source\R5T.T0219\R5T.T0219.csproj", "{9FA50A73-9385-4A8D-A05D-D485EC293379}"
EndProject
Project("{9A19103F-16F7-4668-BE54-9A1E7A4F7556}") = "R5T.Y0006", "..\..\R5T.Y0006\source\R5T.Y0006\R5T.Y0006.csproj", "{A195C38B-55AA-4455-81E8-094A9577F2BC}"
EndProject
Project("{9A19103F-16F7-4668-BE54-9A1E7A4F7556}") = "R5T.Z0057.Platform", "..\..\R5T.Z0057\source\R5T.Z0057.Platform\R5T.Z0057.Platform.csproj", "{7BEC1280-997F-47F9-912B-FBBD1AE914AE}"
EndProject
Project("{9A19103F-16F7-4668-BE54-9A1E7A4F7556}") = "R5T.Z0057", "..\..\R5T.Z0057\source\R5T.Z0057\R5T.Z0057.csproj", "{EBA1B4D3-5234-4B06-AF62-DEBEB43AFCBB}"
EndProject
Project("{9A19103F-16F7-4668-BE54-9A1E7A4F7556}") = "R5T.Z0058", "..\..\R5T.Z0058\source\R5T.Z0058\R5T.Z0058.csproj", "{97CBF435-C10B-4D80-943D-4103A93F6A38}"
EndProject
Project("{9A19103F-16F7-4668-BE54-9A1E7A4F7556}") = "R5T.L0071", "..\..\R5T.L0071\source\R5T.L0071\R5T.L0071.csproj", "{37D08C5A-C1A2-4130-AA82-20DA237F9A82}"
EndProject
Project("{9A19103F-16F7-4668-BE54-9A1E7A4F7556}") = "R5T.L0089.F000", "..\..\R5T.L0089\source\R5T.L0089.F000\R5T.L0089.F000.csproj", "{0CCA570C-3C10-4A0B-9126-14F39BA62934}"
EndProject
Project("{9A19103F-16F7-4668-BE54-9A1E7A4F7556}") = "R5T.L0089.T000", "..\..\R5T.L0089\source\R5T.L0089.T000\R5T.L0089.T000.csproj", "{A537AB29-F46D-4D09-A840-B2874F9A7258}"
EndProject
Project("{9A19103F-16F7-4668-BE54-9A1E7A4F7556}") = "R5T.L0089", "..\..\R5T.L0089\source\R5T.L0089\R5T.L0089.csproj", "{E55C506A-A4CA-4398-8521-7830435896F5}"
EndProject
Project("{9A19103F-16F7-4668-BE54-9A1E7A4F7556}") = "R5T.T0241", "..\..\R5T.T0241\source\R5T.T0241\R5T.T0241.csproj", "{354F9519-9720-42E0-A966-56BCA3D0102C}"
EndProject
Project("{9A19103F-16F7-4668-BE54-9A1E7A4F7556}") = "R5T.T0251", "..\..\R5T.T0251\source\R5T.T0251\R5T.T0251.csproj", "{8D41005E-8089-4B6A-BAD3-593E642D057E}"
EndProject
Project("{9A19103F-16F7-4668-BE54-9A1E7A4F7556}") = "R5T.T0252", "..\..\R5T.T0252\source\R5T.T0252\R5T.T0252.csproj", "{2DDD6781-ECC2-4054-88AC-1A33FB0A8486}"
EndProject
Project("{9A19103F-16F7-4668-BE54-9A1E7A4F7556}") = "R5T.Z0072.Z000", "..\..\R5T.Z0072\source\R5T.Z0072.Z000\R5T.Z0072.Z000.csproj", "{8975C0D6-97C8-48EB-83D8-0F97593ECDB0}"
EndProject
Project("{9A19103F-16F7-4668-BE54-9A1E7A4F7556}") = "R5T.Z0072.Z001", "..\..\R5T.Z0072\source\R5T.Z0072.Z001\R5T.Z0072.Z001.csproj", "{894BFA83-C13C-49CD-9DBF-3566CD3631ED}"
EndProject
Project("{9A19103F-16F7-4668-BE54-9A1E7A4F7556}") = "R5T.Z0072.Z004", "..\..\R5T.Z0072\source\R5T.Z0072.Z004\R5T.Z0072.Z004.csproj", "{A6077290-B748-4860-9E00-7CAD4A6BCFCB}"
EndProject
Global
	GlobalSection(NestedProjects) = preSolution
		{816C52EC-1BE0-49AB-A32E-241C890164A5} = {909228AD-5BF8-401F-A094-9D6A0E0464E9}
		{BA2FC625-04F6-4D73-93D0-51E78635E0FF} = {909228AD-5BF8-401F-A094-9D6A0E0464E9}
		{AEA7963A-ED39-4A79-AAAC-60734D552664} = {909228AD-5BF8-401F-A094-9D6A0E0464E9}
		{5530DCB5-EF81-4A4D-8A8A-62241C08D38C} = {909228AD-5BF8-401F-A094-9D6A0E0464E9}
		{0A1883BD-B27C-4F48-8DEC-51F870567461} = {909228AD-5BF8-401F-A094-9D6A0E0464E9}
		{E8481463-853B-4A24-9B22-EC9158FE23E0} = {909228AD-5BF8-401F-A094-9D6A0E0464E9}
		{605D9036-BA81-4BAD-BA28-348457D6FFDE} = {909228AD-5BF8-401F-A094-9D6A0E0464E9}
		{79D516D0-0C93-4084-AB16-341734E9092F} = {909228AD-5BF8-401F-A094-9D6A0E0464E9}
		{39FAE96F-5D89-4940-9FB0-463F37666009} = {909228AD-5BF8-401F-A094-9D6A0E0464E9}
		{CEAF8160-D2CB-453D-81DD-368A7AA1C15F} = {909228AD-5BF8-401F-A094-9D6A0E0464E9}
		{AC876581-D78A-42F0-A884-CEF2BBBB6157} = {909228AD-5BF8-401F-A094-9D6A0E0464E9}
		{41BA6DF7-04E4-4F91-B893-65A3F4ADFD14} = {909228AD-5BF8-401F-A094-9D6A0E0464E9}
		{A6290949-9C72-4374-BC20-2FC505E5112A} = {909228AD-5BF8-401F-A094-9D6A0E0464E9}
		{87A7100E-A93D-4F83-9177-3FD8EBBD11F2} = {909228AD-5BF8-401F-A094-9D6A0E0464E9}
		{91E870D0-DBC7-4DDA-86AB-7F40D2E0A305} = {909228AD-5BF8-401F-A094-9D6A0E0464E9}
		{9B0DDD6C-7EF3-47EB-9546-BF3E794A8F48} = {909228AD-5BF8-401F-A094-9D6A0E0464E9}
		{BA9B0556-CB92-45A8-A815-99519846151A} = {909228AD-5BF8-401F-A094-9D6A0E0464E9}
		{4D230B65-381B-4324-BFB1-801B8D154915} = {909228AD-5BF8-401F-A094-9D6A0E0464E9}
		{82C15B06-C329-45CD-8154-7FC18C629725} = {909228AD-5BF8-401F-A094-9D6A0E0464E9}
		{1E606A58-6B77-462E-8D28-11216255AE10} = {909228AD-5BF8-401F-A094-9D6A0E0464E9}
		{CCD583BE-2396-43D2-843C-056039650CD3} = {909228AD-5BF8-401F-A094-9D6A0E0464E9}
		{9643B6D2-2018-42D5-8A44-1631B5263A68} = {909228AD-5BF8-401F-A094-9D6A0E0464E9}
		{DA6D3CF1-757F-41EE-BED3-B0710BEE5F90} = {909228AD-5BF8-401F-A094-9D6A0E0464E9}
		{DC2E11EF-030B-4AE2-AF44-ED197B11E886} = {909228AD-5BF8-401F-A094-9D6A0E0464E9}
		{67D26B2A-80B9-488F-A8E7-2BBD4815DA6F} = {909228AD-5BF8-401F-A094-9D6A0E0464E9}
		{C34E747C-1888-447C-A040-BFEE5B6D8B53} = {909228AD-5BF8-401F-A094-9D6A0E0464E9}
		{D2034697-AB91-43D4-9191-3957E1E2AB7A} = {909228AD-5BF8-401F-A094-9D6A0E0464E9}
		{055E2F9D-0D06-4E6D-9784-D81E0470E186} = {909228AD-5BF8-401F-A094-9D6A0E0464E9}
		{E6C882CB-0429-4274-B57E-714021870020} = {909228AD-5BF8-401F-A094-9D6A0E0464E9}
		{56E5DC8D-646F-4F4E-8FA9-20FBA95E202B} = {909228AD-5BF8-401F-A094-9D6A0E0464E9}
		{6BB8EFA6-E3CA-47AA-988C-C9C991088D4A} = {909228AD-5BF8-401F-A094-9D6A0E0464E9}
		{F2A8A786-F9DF-4887-B8A3-6F585D684F2D} = {909228AD-5BF8-401F-A094-9D6A0E0464E9}
		{65258DB7-04B7-477D-8BB4-23686539F25C} = {909228AD-5BF8-401F-A094-9D6A0E0464E9}
		{29664C61-9D7B-49D8-8F6F-E869FD09C68A} = {909228AD-5BF8-401F-A094-9D6A0E0464E9}
		{9FA50A73-9385-4A8D-A05D-D485EC293379} = {909228AD-5BF8-401F-A094-9D6A0E0464E9}
		{A195C38B-55AA-4455-81E8-094A9577F2BC} = {909228AD-5BF8-401F-A094-9D6A0E0464E9}
		{7BEC1280-997F-47F9-912B-FBBD1AE914AE} = {909228AD-5BF8-401F-A094-9D6A0E0464E9}
		{EBA1B4D3-5234-4B06-AF62-DEBEB43AFCBB} = {909228AD-5BF8-401F-A094-9D6A0E0464E9}
		{97CBF435-C10B-4D80-943D-4103A93F6A38} = {909228AD-5BF8-401F-A094-9D6A0E0464E9}
		{37D08C5A-C1A2-4130-AA82-20DA237F9A82} = {909228AD-5BF8-401F-A094-9D6A0E0464E9}
		{0CCA570C-3C10-4A0B-9126-14F39BA62934} = {909228AD-5BF8-401F-A094-9D6A0E0464E9}
		{A537AB29-F46D-4D09-A840-B2874F9A7258} = {909228AD-5BF8-401F-A094-9D6A0E0464E9}
		{E55C506A-A4CA-4398-8521-7830435896F5} = {909228AD-5BF8-401F-A094-9D6A0E0464E9}
		{354F9519-9720-42E0-A966-56BCA3D0102C} = {909228AD-5BF8-401F-A094-9D6A0E0464E9}
		{8D41005E-8089-4B6A-BAD3-593E642D057E} = {909228AD-5BF8-401F-A094-9D6A0E0464E9}
		{2DDD6781-ECC2-4054-88AC-1A33FB0A8486} = {909228AD-5BF8-401F-A094-9D6A0E0464E9}
		{8975C0D6-97C8-48EB-83D8-0F97593ECDB0} = {909228AD-5BF8-401F-A094-9D6A0E0464E9}
		{894BFA83-C13C-49CD-9DBF-3566CD3631ED} = {909228AD-5BF8-401F-A094-9D6A0E0464E9}
		{A6077290-B748-4860-9E00-7CAD4A6BCFCB} = {909228AD-5BF8-401F-A094-9D6A0E0464E9}
	EndGlobalSection
	GlobalSection(SolutionConfigurationPlatforms) = preSolution
		Debug|Any CPU = Debug|Any CPU
		Release|Any CPU = Release|Any CPU
	EndGlobalSection
	GlobalSection(ProjectConfigurationPlatforms) = postSolution
		{08D674DF-4C24-4B12-8F9B-C8FFC672F6B8}.Debug|Any CPU.ActiveCfg = Debug|Any CPU
		{08D674DF-4C24-4B12-8F9B-C8FFC672F6B8}.Debug|Any CPU.Build.0 = Debug|Any CPU
		{08D674DF-4C24-4B12-8F9B-C8FFC672F6B8}.Release|Any CPU.ActiveCfg = Release|Any CPU
		{08D674DF-4C24-4B12-8F9B-C8FFC672F6B8}.Release|Any CPU.Build.0 = Release|Any CPU
		{816C52EC-1BE0-49AB-A32E-241C890164A5}.Debug|Any CPU.ActiveCfg = Debug|Any CPU
		{816C52EC-1BE0-49AB-A32E-241C890164A5}.Debug|Any CPU.Build.0 = Debug|Any CPU
		{816C52EC-1BE0-49AB-A32E-241C890164A5}.Release|Any CPU.ActiveCfg = Release|Any CPU
		{816C52EC-1BE0-49AB-A32E-241C890164A5}.Release|Any CPU.Build.0 = Release|Any CPU
		{BA2FC625-04F6-4D73-93D0-51E78635E0FF}.Debug|Any CPU.ActiveCfg = Debug|Any CPU
		{BA2FC625-04F6-4D73-93D0-51E78635E0FF}.Debug|Any CPU.Build.0 = Debug|Any CPU
		{BA2FC625-04F6-4D73-93D0-51E78635E0FF}.Release|Any CPU.ActiveCfg = Release|Any CPU
		{BA2FC625-04F6-4D73-93D0-51E78635E0FF}.Release|Any CPU.Build.0 = Release|Any CPU
		{AEA7963A-ED39-4A79-AAAC-60734D552664}.Debug|Any CPU.ActiveCfg = Debug|Any CPU
		{AEA7963A-ED39-4A79-AAAC-60734D552664}.Debug|Any CPU.Build.0 = Debug|Any CPU
		{AEA7963A-ED39-4A79-AAAC-60734D552664}.Release|Any CPU.ActiveCfg = Release|Any CPU
		{AEA7963A-ED39-4A79-AAAC-60734D552664}.Release|Any CPU.Build.0 = Release|Any CPU
		{5530DCB5-EF81-4A4D-8A8A-62241C08D38C}.Debug|Any CPU.ActiveCfg = Debug|Any CPU
		{5530DCB5-EF81-4A4D-8A8A-62241C08D38C}.Debug|Any CPU.Build.0 = Debug|Any CPU
		{5530DCB5-EF81-4A4D-8A8A-62241C08D38C}.Release|Any CPU.ActiveCfg = Release|Any CPU
		{5530DCB5-EF81-4A4D-8A8A-62241C08D38C}.Release|Any CPU.Build.0 = Release|Any CPU
		{0A1883BD-B27C-4F48-8DEC-51F870567461}.Debug|Any CPU.ActiveCfg = Debug|Any CPU
		{0A1883BD-B27C-4F48-8DEC-51F870567461}.Debug|Any CPU.Build.0 = Debug|Any CPU
		{0A1883BD-B27C-4F48-8DEC-51F870567461}.Release|Any CPU.ActiveCfg = Release|Any CPU
		{0A1883BD-B27C-4F48-8DEC-51F870567461}.Release|Any CPU.Build.0 = Release|Any CPU
		{E8481463-853B-4A24-9B22-EC9158FE23E0}.Debug|Any CPU.ActiveCfg = Debug|Any CPU
		{E8481463-853B-4A24-9B22-EC9158FE23E0}.Debug|Any CPU.Build.0 = Debug|Any CPU
		{E8481463-853B-4A24-9B22-EC9158FE23E0}.Release|Any CPU.ActiveCfg = Release|Any CPU
		{E8481463-853B-4A24-9B22-EC9158FE23E0}.Release|Any CPU.Build.0 = Release|Any CPU
		{605D9036-BA81-4BAD-BA28-348457D6FFDE}.Debug|Any CPU.ActiveCfg = Debug|Any CPU
		{605D9036-BA81-4BAD-BA28-348457D6FFDE}.Debug|Any CPU.Build.0 = Debug|Any CPU
		{605D9036-BA81-4BAD-BA28-348457D6FFDE}.Release|Any CPU.ActiveCfg = Release|Any CPU
		{605D9036-BA81-4BAD-BA28-348457D6FFDE}.Release|Any CPU.Build.0 = Release|Any CPU
		{79D516D0-0C93-4084-AB16-341734E9092F}.Debug|Any CPU.ActiveCfg = Debug|Any CPU
		{79D516D0-0C93-4084-AB16-341734E9092F}.Debug|Any CPU.Build.0 = Debug|Any CPU
		{79D516D0-0C93-4084-AB16-341734E9092F}.Release|Any CPU.ActiveCfg = Release|Any CPU
		{79D516D0-0C93-4084-AB16-341734E9092F}.Release|Any CPU.Build.0 = Release|Any CPU
		{39FAE96F-5D89-4940-9FB0-463F37666009}.Debug|Any CPU.ActiveCfg = Debug|Any CPU
		{39FAE96F-5D89-4940-9FB0-463F37666009}.Debug|Any CPU.Build.0 = Debug|Any CPU
		{39FAE96F-5D89-4940-9FB0-463F37666009}.Release|Any CPU.ActiveCfg = Release|Any CPU
		{39FAE96F-5D89-4940-9FB0-463F37666009}.Release|Any CPU.Build.0 = Release|Any CPU
		{CEAF8160-D2CB-453D-81DD-368A7AA1C15F}.Debug|Any CPU.ActiveCfg = Debug|Any CPU
		{CEAF8160-D2CB-453D-81DD-368A7AA1C15F}.Debug|Any CPU.Build.0 = Debug|Any CPU
		{CEAF8160-D2CB-453D-81DD-368A7AA1C15F}.Release|Any CPU.ActiveCfg = Release|Any CPU
		{CEAF8160-D2CB-453D-81DD-368A7AA1C15F}.Release|Any CPU.Build.0 = Release|Any CPU
		{AC876581-D78A-42F0-A884-CEF2BBBB6157}.Debug|Any CPU.ActiveCfg = Debug|Any CPU
		{AC876581-D78A-42F0-A884-CEF2BBBB6157}.Debug|Any CPU.Build.0 = Debug|Any CPU
		{AC876581-D78A-42F0-A884-CEF2BBBB6157}.Release|Any CPU.ActiveCfg = Release|Any CPU
		{AC876581-D78A-42F0-A884-CEF2BBBB6157}.Release|Any CPU.Build.0 = Release|Any CPU
		{41BA6DF7-04E4-4F91-B893-65A3F4ADFD14}.Debug|Any CPU.ActiveCfg = Debug|Any CPU
		{41BA6DF7-04E4-4F91-B893-65A3F4ADFD14}.Debug|Any CPU.Build.0 = Debug|Any CPU
		{41BA6DF7-04E4-4F91-B893-65A3F4ADFD14}.Release|Any CPU.ActiveCfg = Release|Any CPU
		{41BA6DF7-04E4-4F91-B893-65A3F4ADFD14}.Release|Any CPU.Build.0 = Release|Any CPU
		{A6290949-9C72-4374-BC20-2FC505E5112A}.Debug|Any CPU.ActiveCfg = Debug|Any CPU
		{A6290949-9C72-4374-BC20-2FC505E5112A}.Debug|Any CPU.Build.0 = Debug|Any CPU
		{A6290949-9C72-4374-BC20-2FC505E5112A}.Release|Any CPU.ActiveCfg = Release|Any CPU
		{A6290949-9C72-4374-BC20-2FC505E5112A}.Release|Any CPU.Build.0 = Release|Any CPU
		{87A7100E-A93D-4F83-9177-3FD8EBBD11F2}.Debug|Any CPU.ActiveCfg = Debug|Any CPU
		{87A7100E-A93D-4F83-9177-3FD8EBBD11F2}.Debug|Any CPU.Build.0 = Debug|Any CPU
		{87A7100E-A93D-4F83-9177-3FD8EBBD11F2}.Release|Any CPU.ActiveCfg = Release|Any CPU
		{87A7100E-A93D-4F83-9177-3FD8EBBD11F2}.Release|Any CPU.Build.0 = Release|Any CPU
		{91E870D0-DBC7-4DDA-86AB-7F40D2E0A305}.Debug|Any CPU.ActiveCfg = Debug|Any CPU
		{91E870D0-DBC7-4DDA-86AB-7F40D2E0A305}.Debug|Any CPU.Build.0 = Debug|Any CPU
		{91E870D0-DBC7-4DDA-86AB-7F40D2E0A305}.Release|Any CPU.ActiveCfg = Release|Any CPU
		{91E870D0-DBC7-4DDA-86AB-7F40D2E0A305}.Release|Any CPU.Build.0 = Release|Any CPU
		{9B0DDD6C-7EF3-47EB-9546-BF3E794A8F48}.Debug|Any CPU.ActiveCfg = Debug|Any CPU
		{9B0DDD6C-7EF3-47EB-9546-BF3E794A8F48}.Debug|Any CPU.Build.0 = Debug|Any CPU
		{9B0DDD6C-7EF3-47EB-9546-BF3E794A8F48}.Release|Any CPU.ActiveCfg = Release|Any CPU
		{9B0DDD6C-7EF3-47EB-9546-BF3E794A8F48}.Release|Any CPU.Build.0 = Release|Any CPU
		{BA9B0556-CB92-45A8-A815-99519846151A}.Debug|Any CPU.ActiveCfg = Debug|Any CPU
		{BA9B0556-CB92-45A8-A815-99519846151A}.Debug|Any CPU.Build.0 = Debug|Any CPU
		{BA9B0556-CB92-45A8-A815-99519846151A}.Release|Any CPU.ActiveCfg = Release|Any CPU
		{BA9B0556-CB92-45A8-A815-99519846151A}.Release|Any CPU.Build.0 = Release|Any CPU
		{4D230B65-381B-4324-BFB1-801B8D154915}.Debug|Any CPU.ActiveCfg = Debug|Any CPU
		{4D230B65-381B-4324-BFB1-801B8D154915}.Debug|Any CPU.Build.0 = Debug|Any CPU
		{4D230B65-381B-4324-BFB1-801B8D154915}.Release|Any CPU.ActiveCfg = Release|Any CPU
		{4D230B65-381B-4324-BFB1-801B8D154915}.Release|Any CPU.Build.0 = Release|Any CPU
		{82C15B06-C329-45CD-8154-7FC18C629725}.Debug|Any CPU.ActiveCfg = Debug|Any CPU
		{82C15B06-C329-45CD-8154-7FC18C629725}.Debug|Any CPU.Build.0 = Debug|Any CPU
		{82C15B06-C329-45CD-8154-7FC18C629725}.Release|Any CPU.ActiveCfg = Release|Any CPU
		{82C15B06-C329-45CD-8154-7FC18C629725}.Release|Any CPU.Build.0 = Release|Any CPU
		{1E606A58-6B77-462E-8D28-11216255AE10}.Debug|Any CPU.ActiveCfg = Debug|Any CPU
		{1E606A58-6B77-462E-8D28-11216255AE10}.Debug|Any CPU.Build.0 = Debug|Any CPU
		{1E606A58-6B77-462E-8D28-11216255AE10}.Release|Any CPU.ActiveCfg = Release|Any CPU
		{1E606A58-6B77-462E-8D28-11216255AE10}.Release|Any CPU.Build.0 = Release|Any CPU
		{CCD583BE-2396-43D2-843C-056039650CD3}.Debug|Any CPU.ActiveCfg = Debug|Any CPU
		{CCD583BE-2396-43D2-843C-056039650CD3}.Debug|Any CPU.Build.0 = Debug|Any CPU
		{CCD583BE-2396-43D2-843C-056039650CD3}.Release|Any CPU.ActiveCfg = Release|Any CPU
		{CCD583BE-2396-43D2-843C-056039650CD3}.Release|Any CPU.Build.0 = Release|Any CPU
		{9643B6D2-2018-42D5-8A44-1631B5263A68}.Debug|Any CPU.ActiveCfg = Debug|Any CPU
		{9643B6D2-2018-42D5-8A44-1631B5263A68}.Debug|Any CPU.Build.0 = Debug|Any CPU
		{9643B6D2-2018-42D5-8A44-1631B5263A68}.Release|Any CPU.ActiveCfg = Release|Any CPU
		{9643B6D2-2018-42D5-8A44-1631B5263A68}.Release|Any CPU.Build.0 = Release|Any CPU
		{DA6D3CF1-757F-41EE-BED3-B0710BEE5F90}.Debug|Any CPU.ActiveCfg = Debug|Any CPU
		{DA6D3CF1-757F-41EE-BED3-B0710BEE5F90}.Debug|Any CPU.Build.0 = Debug|Any CPU
		{DA6D3CF1-757F-41EE-BED3-B0710BEE5F90}.Release|Any CPU.ActiveCfg = Release|Any CPU
		{DA6D3CF1-757F-41EE-BED3-B0710BEE5F90}.Release|Any CPU.Build.0 = Release|Any CPU
		{DC2E11EF-030B-4AE2-AF44-ED197B11E886}.Debug|Any CPU.ActiveCfg = Debug|Any CPU
		{DC2E11EF-030B-4AE2-AF44-ED197B11E886}.Debug|Any CPU.Build.0 = Debug|Any CPU
		{DC2E11EF-030B-4AE2-AF44-ED197B11E886}.Release|Any CPU.ActiveCfg = Release|Any CPU
		{DC2E11EF-030B-4AE2-AF44-ED197B11E886}.Release|Any CPU.Build.0 = Release|Any CPU
		{67D26B2A-80B9-488F-A8E7-2BBD4815DA6F}.Debug|Any CPU.ActiveCfg = Debug|Any CPU
		{67D26B2A-80B9-488F-A8E7-2BBD4815DA6F}.Debug|Any CPU.Build.0 = Debug|Any CPU
		{67D26B2A-80B9-488F-A8E7-2BBD4815DA6F}.Release|Any CPU.ActiveCfg = Release|Any CPU
		{67D26B2A-80B9-488F-A8E7-2BBD4815DA6F}.Release|Any CPU.Build.0 = Release|Any CPU
		{C34E747C-1888-447C-A040-BFEE5B6D8B53}.Debug|Any CPU.ActiveCfg = Debug|Any CPU
		{C34E747C-1888-447C-A040-BFEE5B6D8B53}.Debug|Any CPU.Build.0 = Debug|Any CPU
		{C34E747C-1888-447C-A040-BFEE5B6D8B53}.Release|Any CPU.ActiveCfg = Release|Any CPU
		{C34E747C-1888-447C-A040-BFEE5B6D8B53}.Release|Any CPU.Build.0 = Release|Any CPU
		{D2034697-AB91-43D4-9191-3957E1E2AB7A}.Debug|Any CPU.ActiveCfg = Debug|Any CPU
		{D2034697-AB91-43D4-9191-3957E1E2AB7A}.Debug|Any CPU.Build.0 = Debug|Any CPU
		{D2034697-AB91-43D4-9191-3957E1E2AB7A}.Release|Any CPU.ActiveCfg = Release|Any CPU
		{D2034697-AB91-43D4-9191-3957E1E2AB7A}.Release|Any CPU.Build.0 = Release|Any CPU
		{055E2F9D-0D06-4E6D-9784-D81E0470E186}.Debug|Any CPU.ActiveCfg = Debug|Any CPU
		{055E2F9D-0D06-4E6D-9784-D81E0470E186}.Debug|Any CPU.Build.0 = Debug|Any CPU
		{055E2F9D-0D06-4E6D-9784-D81E0470E186}.Release|Any CPU.ActiveCfg = Release|Any CPU
		{055E2F9D-0D06-4E6D-9784-D81E0470E186}.Release|Any CPU.Build.0 = Release|Any CPU
		{E6C882CB-0429-4274-B57E-714021870020}.Debug|Any CPU.ActiveCfg = Debug|Any CPU
		{E6C882CB-0429-4274-B57E-714021870020}.Debug|Any CPU.Build.0 = Debug|Any CPU
		{E6C882CB-0429-4274-B57E-714021870020}.Release|Any CPU.ActiveCfg = Release|Any CPU
		{E6C882CB-0429-4274-B57E-714021870020}.Release|Any CPU.Build.0 = Release|Any CPU
		{56E5DC8D-646F-4F4E-8FA9-20FBA95E202B}.Debug|Any CPU.ActiveCfg = Debug|Any CPU
		{56E5DC8D-646F-4F4E-8FA9-20FBA95E202B}.Debug|Any CPU.Build.0 = Debug|Any CPU
		{56E5DC8D-646F-4F4E-8FA9-20FBA95E202B}.Release|Any CPU.ActiveCfg = Release|Any CPU
		{56E5DC8D-646F-4F4E-8FA9-20FBA95E202B}.Release|Any CPU.Build.0 = Release|Any CPU
		{6BB8EFA6-E3CA-47AA-988C-C9C991088D4A}.Debug|Any CPU.ActiveCfg = Debug|Any CPU
		{6BB8EFA6-E3CA-47AA-988C-C9C991088D4A}.Debug|Any CPU.Build.0 = Debug|Any CPU
		{6BB8EFA6-E3CA-47AA-988C-C9C991088D4A}.Release|Any CPU.ActiveCfg = Release|Any CPU
		{6BB8EFA6-E3CA-47AA-988C-C9C991088D4A}.Release|Any CPU.Build.0 = Release|Any CPU
		{F2A8A786-F9DF-4887-B8A3-6F585D684F2D}.Debug|Any CPU.ActiveCfg = Debug|Any CPU
		{F2A8A786-F9DF-4887-B8A3-6F585D684F2D}.Debug|Any CPU.Build.0 = Debug|Any CPU
		{F2A8A786-F9DF-4887-B8A3-6F585D684F2D}.Release|Any CPU.ActiveCfg = Release|Any CPU
		{F2A8A786-F9DF-4887-B8A3-6F585D684F2D}.Release|Any CPU.Build.0 = Release|Any CPU
		{65258DB7-04B7-477D-8BB4-23686539F25C}.Debug|Any CPU.ActiveCfg = Debug|Any CPU
		{65258DB7-04B7-477D-8BB4-23686539F25C}.Debug|Any CPU.Build.0 = Debug|Any CPU
		{65258DB7-04B7-477D-8BB4-23686539F25C}.Release|Any CPU.ActiveCfg = Release|Any CPU
		{65258DB7-04B7-477D-8BB4-23686539F25C}.Release|Any CPU.Build.0 = Release|Any CPU
		{29664C61-9D7B-49D8-8F6F-E869FD09C68A}.Debug|Any CPU.ActiveCfg = Debug|Any CPU
		{29664C61-9D7B-49D8-8F6F-E869FD09C68A}.Debug|Any CPU.Build.0 = Debug|Any CPU
		{29664C61-9D7B-49D8-8F6F-E869FD09C68A}.Release|Any CPU.ActiveCfg = Release|Any CPU
		{29664C61-9D7B-49D8-8F6F-E869FD09C68A}.Release|Any CPU.Build.0 = Release|Any CPU
		{9FA50A73-9385-4A8D-A05D-D485EC293379}.Debug|Any CPU.ActiveCfg = Debug|Any CPU
		{9FA50A73-9385-4A8D-A05D-D485EC293379}.Debug|Any CPU.Build.0 = Debug|Any CPU
		{9FA50A73-9385-4A8D-A05D-D485EC293379}.Release|Any CPU.ActiveCfg = Release|Any CPU
		{9FA50A73-9385-4A8D-A05D-D485EC293379}.Release|Any CPU.Build.0 = Release|Any CPU
		{A195C38B-55AA-4455-81E8-094A9577F2BC}.Debug|Any CPU.ActiveCfg = Debug|Any CPU
		{A195C38B-55AA-4455-81E8-094A9577F2BC}.Debug|Any CPU.Build.0 = Debug|Any CPU
		{A195C38B-55AA-4455-81E8-094A9577F2BC}.Release|Any CPU.ActiveCfg = Release|Any CPU
		{A195C38B-55AA-4455-81E8-094A9577F2BC}.Release|Any CPU.Build.0 = Release|Any CPU
		{7BEC1280-997F-47F9-912B-FBBD1AE914AE}.Debug|Any CPU.ActiveCfg = Debug|Any CPU
		{7BEC1280-997F-47F9-912B-FBBD1AE914AE}.Debug|Any CPU.Build.0 = Debug|Any CPU
		{7BEC1280-997F-47F9-912B-FBBD1AE914AE}.Release|Any CPU.ActiveCfg = Release|Any CPU
		{7BEC1280-997F-47F9-912B-FBBD1AE914AE}.Release|Any CPU.Build.0 = Release|Any CPU
		{EBA1B4D3-5234-4B06-AF62-DEBEB43AFCBB}.Debug|Any CPU.ActiveCfg = Debug|Any CPU
		{EBA1B4D3-5234-4B06-AF62-DEBEB43AFCBB}.Debug|Any CPU.Build.0 = Debug|Any CPU
		{EBA1B4D3-5234-4B06-AF62-DEBEB43AFCBB}.Release|Any CPU.ActiveCfg = Release|Any CPU
		{EBA1B4D3-5234-4B06-AF62-DEBEB43AFCBB}.Release|Any CPU.Build.0 = Release|Any CPU
		{97CBF435-C10B-4D80-943D-4103A93F6A38}.Debug|Any CPU.ActiveCfg = Debug|Any CPU
		{97CBF435-C10B-4D80-943D-4103A93F6A38}.Debug|Any CPU.Build.0 = Debug|Any CPU
		{97CBF435-C10B-4D80-943D-4103A93F6A38}.Release|Any CPU.ActiveCfg = Release|Any CPU
		{97CBF435-C10B-4D80-943D-4103A93F6A38}.Release|Any CPU.Build.0 = Release|Any CPU
		{37D08C5A-C1A2-4130-AA82-20DA237F9A82}.Debug|Any CPU.ActiveCfg = Debug|Any CPU
		{37D08C5A-C1A2-4130-AA82-20DA237F9A82}.Debug|Any CPU.Build.0 = Debug|Any CPU
		{37D08C5A-C1A2-4130-AA82-20DA237F9A82}.Release|Any CPU.ActiveCfg = Release|Any CPU
		{37D08C5A-C1A2-4130-AA82-20DA237F9A82}.Release|Any CPU.Build.0 = Release|Any CPU
		{0CCA570C-3C10-4A0B-9126-14F39BA62934}.Debug|Any CPU.ActiveCfg = Debug|Any CPU
		{0CCA570C-3C10-4A0B-9126-14F39BA62934}.Debug|Any CPU.Build.0 = Debug|Any CPU
		{0CCA570C-3C10-4A0B-9126-14F39BA62934}.Release|Any CPU.ActiveCfg = Release|Any CPU
		{0CCA570C-3C10-4A0B-9126-14F39BA62934}.Release|Any CPU.Build.0 = Release|Any CPU
		{A537AB29-F46D-4D09-A840-B2874F9A7258}.Debug|Any CPU.ActiveCfg = Debug|Any CPU
		{A537AB29-F46D-4D09-A840-B2874F9A7258}.Debug|Any CPU.Build.0 = Debug|Any CPU
		{A537AB29-F46D-4D09-A840-B2874F9A7258}.Release|Any CPU.ActiveCfg = Release|Any CPU
		{A537AB29-F46D-4D09-A840-B2874F9A7258}.Release|Any CPU.Build.0 = Release|Any CPU
		{E55C506A-A4CA-4398-8521-7830435896F5}.Debug|Any CPU.ActiveCfg = Debug|Any CPU
		{E55C506A-A4CA-4398-8521-7830435896F5}.Debug|Any CPU.Build.0 = Debug|Any CPU
		{E55C506A-A4CA-4398-8521-7830435896F5}.Release|Any CPU.ActiveCfg = Release|Any CPU
		{E55C506A-A4CA-4398-8521-7830435896F5}.Release|Any CPU.Build.0 = Release|Any CPU
		{354F9519-9720-42E0-A966-56BCA3D0102C}.Debug|Any CPU.ActiveCfg = Debug|Any CPU
		{354F9519-9720-42E0-A966-56BCA3D0102C}.Debug|Any CPU.Build.0 = Debug|Any CPU
		{354F9519-9720-42E0-A966-56BCA3D0102C}.Release|Any CPU.ActiveCfg = Release|Any CPU
		{354F9519-9720-42E0-A966-56BCA3D0102C}.Release|Any CPU.Build.0 = Release|Any CPU
		{8D41005E-8089-4B6A-BAD3-593E642D057E}.Debug|Any CPU.ActiveCfg = Debug|Any CPU
		{8D41005E-8089-4B6A-BAD3-593E642D057E}.Debug|Any CPU.Build.0 = Debug|Any CPU
		{8D41005E-8089-4B6A-BAD3-593E642D057E}.Release|Any CPU.ActiveCfg = Release|Any CPU
		{8D41005E-8089-4B6A-BAD3-593E642D057E}.Release|Any CPU.Build.0 = Release|Any CPU
		{2DDD6781-ECC2-4054-88AC-1A33FB0A8486}.Debug|Any CPU.ActiveCfg = Debug|Any CPU
		{2DDD6781-ECC2-4054-88AC-1A33FB0A8486}.Debug|Any CPU.Build.0 = Debug|Any CPU
		{2DDD6781-ECC2-4054-88AC-1A33FB0A8486}.Release|Any CPU.ActiveCfg = Release|Any CPU
		{2DDD6781-ECC2-4054-88AC-1A33FB0A8486}.Release|Any CPU.Build.0 = Release|Any CPU
		{8975C0D6-97C8-48EB-83D8-0F97593ECDB0}.Debug|Any CPU.ActiveCfg = Debug|Any CPU
		{8975C0D6-97C8-48EB-83D8-0F97593ECDB0}.Debug|Any CPU.Build.0 = Debug|Any CPU
		{8975C0D6-97C8-48EB-83D8-0F97593ECDB0}.Release|Any CPU.ActiveCfg = Release|Any CPU
		{8975C0D6-97C8-48EB-83D8-0F97593ECDB0}.Release|Any CPU.Build.0 = Release|Any CPU
		{894BFA83-C13C-49CD-9DBF-3566CD3631ED}.Debug|Any CPU.ActiveCfg = Debug|Any CPU
		{894BFA83-C13C-49CD-9DBF-3566CD3631ED}.Debug|Any CPU.Build.0 = Debug|Any CPU
		{894BFA83-C13C-49CD-9DBF-3566CD3631ED}.Release|Any CPU.ActiveCfg = Release|Any CPU
		{894BFA83-C13C-49CD-9DBF-3566CD3631ED}.Release|Any CPU.Build.0 = Release|Any CPU
		{A6077290-B748-4860-9E00-7CAD4A6BCFCB}.Debug|Any CPU.ActiveCfg = Debug|Any CPU
		{A6077290-B748-4860-9E00-7CAD4A6BCFCB}.Debug|Any CPU.Build.0 = Debug|Any CPU
		{A6077290-B748-4860-9E00-7CAD4A6BCFCB}.Release|Any CPU.ActiveCfg = Release|Any CPU
		{A6077290-B748-4860-9E00-7CAD4A6BCFCB}.Release|Any CPU.Build.0 = Release|Any CPU
	EndGlobalSection
	GlobalSection(SolutionProperties) = preSolution
		HideSolutionNode = FALSE
	EndGlobalSection
	GlobalSection(ExtensibilityGlobals) = postSolution
		SolutionGuid = {EAB7BD10-9C09-4EB1-A6E6-B1AE2B4FC5A7}
	EndGlobalSection
EndGlobal
