
Microsoft Visual Studio Solution File, Format Version 12.00
# Visual Studio Version 17
VisualStudioVersion = 17.2.32630.192
MinimumVisualStudioVersion = 10.0.40219.1
Project("{9A19103F-16F7-4668-BE54-9A1E7A4F7556}") = "R5T.L0056.Construction", "R5T.L0056.Construction\R5T.L0056.Construction.csproj", "{B80E891F-1ECC-47B2-AB0F-1EB19D3ACBAD}"
EndProject
Project("{9A19103F-16F7-4668-BE54-9A1E7A4F7556}") = "R5T.L0056", "R5T.L0056\R5T.L0056.csproj", "{575BCE8C-DB02-451F-AB19-1436DBAE8B6F}"
EndProject
Project("{2150E333-8FDC-42A3-9474-1A3956D46DE8}") = "_Dependencies", "_Dependencies", "{58291233-76A0-4B9B-B2D2-9734A8D26FEF}"
EndProject
Project("{9A19103F-16F7-4668-BE54-9A1E7A4F7556}") = "R5T.L0053", "..\..\R5T.L0053\source\R5T.L0053\R5T.L0053.csproj", "{9D644EF0-EA4A-4CD2-A565-12E735C34D84}"
EndProject
Project("{9A19103F-16F7-4668-BE54-9A1E7A4F7556}") = "R5T.T0131", "..\..\R5T.T0131\source\R5T.T0131\R5T.T0131.csproj", "{A5D0A23C-2BB1-4EF1-8410-D9E15FE541E7}"
EndProject
Project("{9A19103F-16F7-4668-BE54-9A1E7A4F7556}") = "R5T.T0132", "..\..\R5T.T0132\source\R5T.T0132\R5T.T0132.csproj", "{61E9215F-45AB-4A03-BD0B-39C2CA34E2F3}"
EndProject
Project("{9A19103F-16F7-4668-BE54-9A1E7A4F7556}") = "R5T.T0142", "..\..\R5T.T0142\source\R5T.T0142\R5T.T0142.csproj", "{8327CEEE-44DF-42CB-9E94-98BDEAF28824}"
EndProject
Project("{9A19103F-16F7-4668-BE54-9A1E7A4F7556}") = "R5T.T0143", "..\..\R5T.T0143\source\R5T.T0143\R5T.T0143.csproj", "{D59030DD-ACE6-4572-ACC7-9833B562E5AD}"
EndProject
Project("{9A19103F-16F7-4668-BE54-9A1E7A4F7556}") = "R5T.T0150", "..\..\R5T.T0150\source\R5T.T0150\R5T.T0150.csproj", "{57433758-631F-4BA9-92AB-C46B7EECB025}"
EndProject
Project("{9A19103F-16F7-4668-BE54-9A1E7A4F7556}") = "R5T.T0151", "..\..\R5T.T0151\source\R5T.T0151\R5T.T0151.csproj", "{F9FE53D2-0943-4CC1-BB05-54ADE8156A31}"
EndProject
Project("{9A19103F-16F7-4668-BE54-9A1E7A4F7556}") = "R5T.T0156", "..\..\R5T.T0156\source\R5T.T0156\R5T.T0156.csproj", "{DC519F1C-0089-4E7C-BA76-FE4498B3DF78}"
EndProject
Project("{9A19103F-16F7-4668-BE54-9A1E7A4F7556}") = "R5T.T0172", "..\..\R5T.T0172\source\R5T.T0172\R5T.T0172.csproj", "{ECC3502F-208A-4BBB-A0A5-4ED4FF52EBCE}"
EndProject
Project("{9A19103F-16F7-4668-BE54-9A1E7A4F7556}") = "R5T.T0178", "..\..\R5T.T0178\source\R5T.T0178\R5T.T0178.csproj", "{697B4F15-127E-4BF2-99F1-B25A5EC10F87}"
EndProject
Project("{9A19103F-16F7-4668-BE54-9A1E7A4F7556}") = "R5T.T0179", "..\..\R5T.T0179\source\R5T.T0179\R5T.T0179.csproj", "{34B5B429-BDC1-472C-801F-E11A5193A8EC}"
EndProject
Project("{9A19103F-16F7-4668-BE54-9A1E7A4F7556}") = "R5T.T0180", "..\..\R5T.T0180\source\R5T.T0180\R5T.T0180.csproj", "{FADD1716-DED6-4CE1-918D-6F083DF99C80}"
EndProject
Project("{9A19103F-16F7-4668-BE54-9A1E7A4F7556}") = "R5T.T0181", "..\..\R5T.T0181\source\R5T.T0181\R5T.T0181.csproj", "{887AEF46-9A86-4881-92B6-DCAFAFF4A914}"
EndProject
Project("{9A19103F-16F7-4668-BE54-9A1E7A4F7556}") = "R5T.T0199", "..\..\R5T.T0199\source\R5T.T0199\R5T.T0199.csproj", "{68336099-7831-46A2-BDF8-753CD830243E}"
EndProject
Project("{9A19103F-16F7-4668-BE54-9A1E7A4F7556}") = "R5T.T0213", "..\..\R5T.T0213\source\R5T.T0213\R5T.T0213.csproj", "{702BCF77-4C33-4865-9E7C-9AC61D0E490E}"
EndProject
Project("{9A19103F-16F7-4668-BE54-9A1E7A4F7556}") = "R5T.T0221", "..\..\R5T.T0221\source\R5T.T0221\R5T.T0221.csproj", "{CBFFD194-B7A9-42CD-B2F8-7CDF89EB46F7}"
EndProject
Project("{9A19103F-16F7-4668-BE54-9A1E7A4F7556}") = "R5T.T0227", "..\..\R5T.T0227\source\R5T.T0227\R5T.T0227.csproj", "{86F2C9FC-A3DB-4D42-89C2-CDD091893B1E}"
EndProject
Project("{9A19103F-16F7-4668-BE54-9A1E7A4F7556}") = "R5T.Y0000", "..\..\R5T.Y0000\source\R5T.Y0000\R5T.Y0000.csproj", "{46E7DB39-F8A0-4FA8-BBA3-979F75C1AA6E}"
EndProject
Project("{9A19103F-16F7-4668-BE54-9A1E7A4F7556}") = "R5T.Z0000", "..\..\R5T.Z0000\source\R5T.Z0000\R5T.Z0000.csproj", "{D83CA08E-4230-4ADF-8E7C-DE590C426B14}"
EndProject
Project("{9A19103F-16F7-4668-BE54-9A1E7A4F7556}") = "R5T.Z0010.Platform", "..\..\R5T.Z0010\source\R5T.Z0010.Platform\R5T.Z0010.Platform.csproj", "{69C8F471-8939-4BEA-AFEC-B868E81A7124}"
EndProject
Project("{9A19103F-16F7-4668-BE54-9A1E7A4F7556}") = "R5T.Z0010", "..\..\R5T.Z0010\source\R5T.Z0010\R5T.Z0010.csproj", "{551D52DF-A209-419E-B03F-01FB388F4222}"
EndProject
Project("{9A19103F-16F7-4668-BE54-9A1E7A4F7556}") = "R5T.F0000", "..\..\R5T.F0000\source\R5T.F0000\R5T.F0000.csproj", "{0659FBD4-FBCE-43BD-973B-B9219C70E857}"
EndProject
Project("{9A19103F-16F7-4668-BE54-9A1E7A4F7556}") = "R5T.F0059", "..\..\R5T.F0059\source\R5T.F0059\R5T.F0059.csproj", "{B94083FA-DF28-43E2-BA17-D0A2BC98D253}"
EndProject
Project("{9A19103F-16F7-4668-BE54-9A1E7A4F7556}") = "R5T.L0030.T000", "..\..\R5T.L0030\source\R5T.L0030.T000\R5T.L0030.T000.csproj", "{9FCB561E-7F77-4983-A313-3F31FEE00760}"
EndProject
Project("{9A19103F-16F7-4668-BE54-9A1E7A4F7556}") = "R5T.L0066", "..\..\R5T.L0066\source\R5T.L0066\R5T.L0066.csproj", "{930D040D-4220-4B63-943D-F657BCCAF36D}"
EndProject
Project("{9A19103F-16F7-4668-BE54-9A1E7A4F7556}") = "R5T.L0074", "..\..\R5T.L0074\source\R5T.L0074\R5T.L0074.csproj", "{E1CA0B2A-2F06-4A9C-B628-70DFEA08D6D9}"
EndProject
Project("{9A19103F-16F7-4668-BE54-9A1E7A4F7556}") = "R5T.NG0006", "..\..\R5T.NG0006\source\R5T.NG0006\R5T.NG0006.csproj", "{589647F4-3ED0-4893-920D-77A22AD41A7D}"
EndProject
Project("{9A19103F-16F7-4668-BE54-9A1E7A4F7556}") = "R5T.T0158", "..\..\R5T.T0158\source\R5T.T0158\R5T.T0158.csproj", "{5475E05C-B02A-42AB-93C8-55B18868265A}"
EndProject
Project("{9A19103F-16F7-4668-BE54-9A1E7A4F7556}") = "R5T.T0159", "..\..\R5T.T0159\source\R5T.T0159\R5T.T0159.csproj", "{BF34F0B2-C8F9-48E5-9AC9-C575951D6AD3}"
EndProject
Project("{9A19103F-16F7-4668-BE54-9A1E7A4F7556}") = "R5T.T0185", "..\..\R5T.T0185\source\R5T.T0185\R5T.T0185.csproj", "{3B6F32E5-D093-4176-B0BC-B59A8D53D31B}"
EndProject
Project("{9A19103F-16F7-4668-BE54-9A1E7A4F7556}") = "R5T.T0199.T000", "..\..\R5T.T0199\source\R5T.T0199.T000\R5T.T0199.T000.csproj", "{03C53184-AB5B-4E46-8827-0C284248AF91}"
EndProject
Project("{9A19103F-16F7-4668-BE54-9A1E7A4F7556}") = "R5T.T0199.T001", "..\..\R5T.T0199\source\R5T.T0199.T001\R5T.T0199.T001.csproj", "{E78F4B71-1026-4AC5-8F85-625C042711C9}"
EndProject
Project("{9A19103F-16F7-4668-BE54-9A1E7A4F7556}") = "R5T.T0203", "..\..\R5T.T0203\source\R5T.T0203\R5T.T0203.csproj", "{A5F706E8-3E3A-4F73-AE39-C9DFF2EC9772}"
EndProject
Project("{9A19103F-16F7-4668-BE54-9A1E7A4F7556}") = "R5T.T0218", "..\..\R5T.T0218\source\R5T.T0218\R5T.T0218.csproj", "{18761855-45A0-47CD-912A-23BAC8671B28}"
EndProject
Project("{9A19103F-16F7-4668-BE54-9A1E7A4F7556}") = "R5T.T0219", "..\..\R5T.T0219\source\R5T.T0219\R5T.T0219.csproj", "{A873C129-97B2-4A36-80E0-25B37571A4F5}"
EndProject
Project("{9A19103F-16F7-4668-BE54-9A1E7A4F7556}") = "R5T.Y0006", "..\..\R5T.Y0006\source\R5T.Y0006\R5T.Y0006.csproj", "{AE0E2355-F98C-48C7-B628-9BD1830118BE}"
EndProject
Project("{9A19103F-16F7-4668-BE54-9A1E7A4F7556}") = "R5T.Z0057.Platform", "..\..\R5T.Z0057\source\R5T.Z0057.Platform\R5T.Z0057.Platform.csproj", "{D85220EA-FA17-46ED-B8C5-D4477CD0A0BE}"
EndProject
Project("{9A19103F-16F7-4668-BE54-9A1E7A4F7556}") = "R5T.Z0057", "..\..\R5T.Z0057\source\R5T.Z0057\R5T.Z0057.csproj", "{9FC4E91A-3D6F-4576-ADEF-96EA49FA093C}"
EndProject
Project("{9A19103F-16F7-4668-BE54-9A1E7A4F7556}") = "R5T.Z0058", "..\..\R5T.Z0058\source\R5T.Z0058\R5T.Z0058.csproj", "{A8D02FDC-58A8-487B-9467-A74EA47FC7D9}"
EndProject
Project("{9A19103F-16F7-4668-BE54-9A1E7A4F7556}") = "R5T.L0071", "..\..\R5T.L0071\source\R5T.L0071\R5T.L0071.csproj", "{BD21048E-12E1-4B20-89C2-9837664ABA85}"
EndProject
Project("{9A19103F-16F7-4668-BE54-9A1E7A4F7556}") = "R5T.L0089.F000", "..\..\R5T.L0089\source\R5T.L0089.F000\R5T.L0089.F000.csproj", "{8B00B05A-19D4-4885-8752-793E21E5E753}"
EndProject
Project("{9A19103F-16F7-4668-BE54-9A1E7A4F7556}") = "R5T.L0089.T000", "..\..\R5T.L0089\source\R5T.L0089.T000\R5T.L0089.T000.csproj", "{F67BC328-7CE4-40B5-8F04-812DDF0A5335}"
EndProject
Project("{9A19103F-16F7-4668-BE54-9A1E7A4F7556}") = "R5T.L0089", "..\..\R5T.L0089\source\R5T.L0089\R5T.L0089.csproj", "{937F59A1-C238-483D-90B4-8C8033D1AD4F}"
EndProject
Project("{9A19103F-16F7-4668-BE54-9A1E7A4F7556}") = "R5T.T0241", "..\..\R5T.T0241\source\R5T.T0241\R5T.T0241.csproj", "{8EE27003-1529-4EDA-BEDD-23E3EA1751D4}"
EndProject
Project("{9A19103F-16F7-4668-BE54-9A1E7A4F7556}") = "R5T.T0251", "..\..\R5T.T0251\source\R5T.T0251\R5T.T0251.csproj", "{B69156F9-D278-42B7-91B2-DC97F26EF15C}"
EndProject
Project("{9A19103F-16F7-4668-BE54-9A1E7A4F7556}") = "R5T.T0252", "..\..\R5T.T0252\source\R5T.T0252\R5T.T0252.csproj", "{0040B2DC-786E-4325-8AE2-56FF33973FD3}"
EndProject
Project("{9A19103F-16F7-4668-BE54-9A1E7A4F7556}") = "R5T.Z0072.Z000", "..\..\R5T.Z0072\source\R5T.Z0072.Z000\R5T.Z0072.Z000.csproj", "{2B5F4647-C1E1-4AD5-AB3A-5E18A432466A}"
EndProject
Project("{9A19103F-16F7-4668-BE54-9A1E7A4F7556}") = "R5T.Z0072.Z001", "..\..\R5T.Z0072\source\R5T.Z0072.Z001\R5T.Z0072.Z001.csproj", "{40721DF4-6B9C-4F6E-A6D5-86AA192C5F91}"
EndProject
Project("{9A19103F-16F7-4668-BE54-9A1E7A4F7556}") = "R5T.Z0072.Z004", "..\..\R5T.Z0072\source\R5T.Z0072.Z004\R5T.Z0072.Z004.csproj", "{FB1CF431-1E8D-4507-AE9A-04833D422EFC}"
EndProject
Global
	GlobalSection(NestedProjects) = preSolution
		{9D644EF0-EA4A-4CD2-A565-12E735C34D84} = {58291233-76A0-4B9B-B2D2-9734A8D26FEF}
		{A5D0A23C-2BB1-4EF1-8410-D9E15FE541E7} = {58291233-76A0-4B9B-B2D2-9734A8D26FEF}
		{61E9215F-45AB-4A03-BD0B-39C2CA34E2F3} = {58291233-76A0-4B9B-B2D2-9734A8D26FEF}
		{8327CEEE-44DF-42CB-9E94-98BDEAF28824} = {58291233-76A0-4B9B-B2D2-9734A8D26FEF}
		{D59030DD-ACE6-4572-ACC7-9833B562E5AD} = {58291233-76A0-4B9B-B2D2-9734A8D26FEF}
		{57433758-631F-4BA9-92AB-C46B7EECB025} = {58291233-76A0-4B9B-B2D2-9734A8D26FEF}
		{F9FE53D2-0943-4CC1-BB05-54ADE8156A31} = {58291233-76A0-4B9B-B2D2-9734A8D26FEF}
		{DC519F1C-0089-4E7C-BA76-FE4498B3DF78} = {58291233-76A0-4B9B-B2D2-9734A8D26FEF}
		{ECC3502F-208A-4BBB-A0A5-4ED4FF52EBCE} = {58291233-76A0-4B9B-B2D2-9734A8D26FEF}
		{697B4F15-127E-4BF2-99F1-B25A5EC10F87} = {58291233-76A0-4B9B-B2D2-9734A8D26FEF}
		{34B5B429-BDC1-472C-801F-E11A5193A8EC} = {58291233-76A0-4B9B-B2D2-9734A8D26FEF}
		{FADD1716-DED6-4CE1-918D-6F083DF99C80} = {58291233-76A0-4B9B-B2D2-9734A8D26FEF}
		{887AEF46-9A86-4881-92B6-DCAFAFF4A914} = {58291233-76A0-4B9B-B2D2-9734A8D26FEF}
		{68336099-7831-46A2-BDF8-753CD830243E} = {58291233-76A0-4B9B-B2D2-9734A8D26FEF}
		{702BCF77-4C33-4865-9E7C-9AC61D0E490E} = {58291233-76A0-4B9B-B2D2-9734A8D26FEF}
		{CBFFD194-B7A9-42CD-B2F8-7CDF89EB46F7} = {58291233-76A0-4B9B-B2D2-9734A8D26FEF}
		{86F2C9FC-A3DB-4D42-89C2-CDD091893B1E} = {58291233-76A0-4B9B-B2D2-9734A8D26FEF}
		{46E7DB39-F8A0-4FA8-BBA3-979F75C1AA6E} = {58291233-76A0-4B9B-B2D2-9734A8D26FEF}
		{D83CA08E-4230-4ADF-8E7C-DE590C426B14} = {58291233-76A0-4B9B-B2D2-9734A8D26FEF}
		{69C8F471-8939-4BEA-AFEC-B868E81A7124} = {58291233-76A0-4B9B-B2D2-9734A8D26FEF}
		{551D52DF-A209-419E-B03F-01FB388F4222} = {58291233-76A0-4B9B-B2D2-9734A8D26FEF}
		{0659FBD4-FBCE-43BD-973B-B9219C70E857} = {58291233-76A0-4B9B-B2D2-9734A8D26FEF}
		{B94083FA-DF28-43E2-BA17-D0A2BC98D253} = {58291233-76A0-4B9B-B2D2-9734A8D26FEF}
		{9FCB561E-7F77-4983-A313-3F31FEE00760} = {58291233-76A0-4B9B-B2D2-9734A8D26FEF}
		{930D040D-4220-4B63-943D-F657BCCAF36D} = {58291233-76A0-4B9B-B2D2-9734A8D26FEF}
		{E1CA0B2A-2F06-4A9C-B628-70DFEA08D6D9} = {58291233-76A0-4B9B-B2D2-9734A8D26FEF}
		{589647F4-3ED0-4893-920D-77A22AD41A7D} = {58291233-76A0-4B9B-B2D2-9734A8D26FEF}
		{5475E05C-B02A-42AB-93C8-55B18868265A} = {58291233-76A0-4B9B-B2D2-9734A8D26FEF}
		{BF34F0B2-C8F9-48E5-9AC9-C575951D6AD3} = {58291233-76A0-4B9B-B2D2-9734A8D26FEF}
		{3B6F32E5-D093-4176-B0BC-B59A8D53D31B} = {58291233-76A0-4B9B-B2D2-9734A8D26FEF}
		{03C53184-AB5B-4E46-8827-0C284248AF91} = {58291233-76A0-4B9B-B2D2-9734A8D26FEF}
		{E78F4B71-1026-4AC5-8F85-625C042711C9} = {58291233-76A0-4B9B-B2D2-9734A8D26FEF}
		{A5F706E8-3E3A-4F73-AE39-C9DFF2EC9772} = {58291233-76A0-4B9B-B2D2-9734A8D26FEF}
		{18761855-45A0-47CD-912A-23BAC8671B28} = {58291233-76A0-4B9B-B2D2-9734A8D26FEF}
		{A873C129-97B2-4A36-80E0-25B37571A4F5} = {58291233-76A0-4B9B-B2D2-9734A8D26FEF}
		{AE0E2355-F98C-48C7-B628-9BD1830118BE} = {58291233-76A0-4B9B-B2D2-9734A8D26FEF}
		{D85220EA-FA17-46ED-B8C5-D4477CD0A0BE} = {58291233-76A0-4B9B-B2D2-9734A8D26FEF}
		{9FC4E91A-3D6F-4576-ADEF-96EA49FA093C} = {58291233-76A0-4B9B-B2D2-9734A8D26FEF}
		{A8D02FDC-58A8-487B-9467-A74EA47FC7D9} = {58291233-76A0-4B9B-B2D2-9734A8D26FEF}
		{BD21048E-12E1-4B20-89C2-9837664ABA85} = {58291233-76A0-4B9B-B2D2-9734A8D26FEF}
		{8B00B05A-19D4-4885-8752-793E21E5E753} = {58291233-76A0-4B9B-B2D2-9734A8D26FEF}
		{F67BC328-7CE4-40B5-8F04-812DDF0A5335} = {58291233-76A0-4B9B-B2D2-9734A8D26FEF}
		{937F59A1-C238-483D-90B4-8C8033D1AD4F} = {58291233-76A0-4B9B-B2D2-9734A8D26FEF}
		{8EE27003-1529-4EDA-BEDD-23E3EA1751D4} = {58291233-76A0-4B9B-B2D2-9734A8D26FEF}
		{B69156F9-D278-42B7-91B2-DC97F26EF15C} = {58291233-76A0-4B9B-B2D2-9734A8D26FEF}
		{0040B2DC-786E-4325-8AE2-56FF33973FD3} = {58291233-76A0-4B9B-B2D2-9734A8D26FEF}
		{2B5F4647-C1E1-4AD5-AB3A-5E18A432466A} = {58291233-76A0-4B9B-B2D2-9734A8D26FEF}
		{40721DF4-6B9C-4F6E-A6D5-86AA192C5F91} = {58291233-76A0-4B9B-B2D2-9734A8D26FEF}
		{FB1CF431-1E8D-4507-AE9A-04833D422EFC} = {58291233-76A0-4B9B-B2D2-9734A8D26FEF}
	EndGlobalSection
	GlobalSection(SolutionConfigurationPlatforms) = preSolution
		Debug|Any CPU = Debug|Any CPU
		Release|Any CPU = Release|Any CPU
	EndGlobalSection
	GlobalSection(ProjectConfigurationPlatforms) = postSolution
		{B80E891F-1ECC-47B2-AB0F-1EB19D3ACBAD}.Debug|Any CPU.ActiveCfg = Debug|Any CPU
		{B80E891F-1ECC-47B2-AB0F-1EB19D3ACBAD}.Debug|Any CPU.Build.0 = Debug|Any CPU
		{B80E891F-1ECC-47B2-AB0F-1EB19D3ACBAD}.Release|Any CPU.ActiveCfg = Release|Any CPU
		{B80E891F-1ECC-47B2-AB0F-1EB19D3ACBAD}.Release|Any CPU.Build.0 = Release|Any CPU
		{575BCE8C-DB02-451F-AB19-1436DBAE8B6F}.Debug|Any CPU.ActiveCfg = Debug|Any CPU
		{575BCE8C-DB02-451F-AB19-1436DBAE8B6F}.Debug|Any CPU.Build.0 = Debug|Any CPU
		{575BCE8C-DB02-451F-AB19-1436DBAE8B6F}.Release|Any CPU.ActiveCfg = Release|Any CPU
		{575BCE8C-DB02-451F-AB19-1436DBAE8B6F}.Release|Any CPU.Build.0 = Release|Any CPU
		{9D644EF0-EA4A-4CD2-A565-12E735C34D84}.Debug|Any CPU.ActiveCfg = Debug|Any CPU
		{9D644EF0-EA4A-4CD2-A565-12E735C34D84}.Debug|Any CPU.Build.0 = Debug|Any CPU
		{9D644EF0-EA4A-4CD2-A565-12E735C34D84}.Release|Any CPU.ActiveCfg = Release|Any CPU
		{9D644EF0-EA4A-4CD2-A565-12E735C34D84}.Release|Any CPU.Build.0 = Release|Any CPU
		{A5D0A23C-2BB1-4EF1-8410-D9E15FE541E7}.Debug|Any CPU.ActiveCfg = Debug|Any CPU
		{A5D0A23C-2BB1-4EF1-8410-D9E15FE541E7}.Debug|Any CPU.Build.0 = Debug|Any CPU
		{A5D0A23C-2BB1-4EF1-8410-D9E15FE541E7}.Release|Any CPU.ActiveCfg = Release|Any CPU
		{A5D0A23C-2BB1-4EF1-8410-D9E15FE541E7}.Release|Any CPU.Build.0 = Release|Any CPU
		{61E9215F-45AB-4A03-BD0B-39C2CA34E2F3}.Debug|Any CPU.ActiveCfg = Debug|Any CPU
		{61E9215F-45AB-4A03-BD0B-39C2CA34E2F3}.Debug|Any CPU.Build.0 = Debug|Any CPU
		{61E9215F-45AB-4A03-BD0B-39C2CA34E2F3}.Release|Any CPU.ActiveCfg = Release|Any CPU
		{61E9215F-45AB-4A03-BD0B-39C2CA34E2F3}.Release|Any CPU.Build.0 = Release|Any CPU
		{8327CEEE-44DF-42CB-9E94-98BDEAF28824}.Debug|Any CPU.ActiveCfg = Debug|Any CPU
		{8327CEEE-44DF-42CB-9E94-98BDEAF28824}.Debug|Any CPU.Build.0 = Debug|Any CPU
		{8327CEEE-44DF-42CB-9E94-98BDEAF28824}.Release|Any CPU.ActiveCfg = Release|Any CPU
		{8327CEEE-44DF-42CB-9E94-98BDEAF28824}.Release|Any CPU.Build.0 = Release|Any CPU
		{D59030DD-ACE6-4572-ACC7-9833B562E5AD}.Debug|Any CPU.ActiveCfg = Debug|Any CPU
		{D59030DD-ACE6-4572-ACC7-9833B562E5AD}.Debug|Any CPU.Build.0 = Debug|Any CPU
		{D59030DD-ACE6-4572-ACC7-9833B562E5AD}.Release|Any CPU.ActiveCfg = Release|Any CPU
		{D59030DD-ACE6-4572-ACC7-9833B562E5AD}.Release|Any CPU.Build.0 = Release|Any CPU
		{57433758-631F-4BA9-92AB-C46B7EECB025}.Debug|Any CPU.ActiveCfg = Debug|Any CPU
		{57433758-631F-4BA9-92AB-C46B7EECB025}.Debug|Any CPU.Build.0 = Debug|Any CPU
		{57433758-631F-4BA9-92AB-C46B7EECB025}.Release|Any CPU.ActiveCfg = Release|Any CPU
		{57433758-631F-4BA9-92AB-C46B7EECB025}.Release|Any CPU.Build.0 = Release|Any CPU
		{F9FE53D2-0943-4CC1-BB05-54ADE8156A31}.Debug|Any CPU.ActiveCfg = Debug|Any CPU
		{F9FE53D2-0943-4CC1-BB05-54ADE8156A31}.Debug|Any CPU.Build.0 = Debug|Any CPU
		{F9FE53D2-0943-4CC1-BB05-54ADE8156A31}.Release|Any CPU.ActiveCfg = Release|Any CPU
		{F9FE53D2-0943-4CC1-BB05-54ADE8156A31}.Release|Any CPU.Build.0 = Release|Any CPU
		{DC519F1C-0089-4E7C-BA76-FE4498B3DF78}.Debug|Any CPU.ActiveCfg = Debug|Any CPU
		{DC519F1C-0089-4E7C-BA76-FE4498B3DF78}.Debug|Any CPU.Build.0 = Debug|Any CPU
		{DC519F1C-0089-4E7C-BA76-FE4498B3DF78}.Release|Any CPU.ActiveCfg = Release|Any CPU
		{DC519F1C-0089-4E7C-BA76-FE4498B3DF78}.Release|Any CPU.Build.0 = Release|Any CPU
		{ECC3502F-208A-4BBB-A0A5-4ED4FF52EBCE}.Debug|Any CPU.ActiveCfg = Debug|Any CPU
		{ECC3502F-208A-4BBB-A0A5-4ED4FF52EBCE}.Debug|Any CPU.Build.0 = Debug|Any CPU
		{ECC3502F-208A-4BBB-A0A5-4ED4FF52EBCE}.Release|Any CPU.ActiveCfg = Release|Any CPU
		{ECC3502F-208A-4BBB-A0A5-4ED4FF52EBCE}.Release|Any CPU.Build.0 = Release|Any CPU
		{697B4F15-127E-4BF2-99F1-B25A5EC10F87}.Debug|Any CPU.ActiveCfg = Debug|Any CPU
		{697B4F15-127E-4BF2-99F1-B25A5EC10F87}.Debug|Any CPU.Build.0 = Debug|Any CPU
		{697B4F15-127E-4BF2-99F1-B25A5EC10F87}.Release|Any CPU.ActiveCfg = Release|Any CPU
		{697B4F15-127E-4BF2-99F1-B25A5EC10F87}.Release|Any CPU.Build.0 = Release|Any CPU
		{34B5B429-BDC1-472C-801F-E11A5193A8EC}.Debug|Any CPU.ActiveCfg = Debug|Any CPU
		{34B5B429-BDC1-472C-801F-E11A5193A8EC}.Debug|Any CPU.Build.0 = Debug|Any CPU
		{34B5B429-BDC1-472C-801F-E11A5193A8EC}.Release|Any CPU.ActiveCfg = Release|Any CPU
		{34B5B429-BDC1-472C-801F-E11A5193A8EC}.Release|Any CPU.Build.0 = Release|Any CPU
		{FADD1716-DED6-4CE1-918D-6F083DF99C80}.Debug|Any CPU.ActiveCfg = Debug|Any CPU
		{FADD1716-DED6-4CE1-918D-6F083DF99C80}.Debug|Any CPU.Build.0 = Debug|Any CPU
		{FADD1716-DED6-4CE1-918D-6F083DF99C80}.Release|Any CPU.ActiveCfg = Release|Any CPU
		{FADD1716-DED6-4CE1-918D-6F083DF99C80}.Release|Any CPU.Build.0 = Release|Any CPU
		{887AEF46-9A86-4881-92B6-DCAFAFF4A914}.Debug|Any CPU.ActiveCfg = Debug|Any CPU
		{887AEF46-9A86-4881-92B6-DCAFAFF4A914}.Debug|Any CPU.Build.0 = Debug|Any CPU
		{887AEF46-9A86-4881-92B6-DCAFAFF4A914}.Release|Any CPU.ActiveCfg = Release|Any CPU
		{887AEF46-9A86-4881-92B6-DCAFAFF4A914}.Release|Any CPU.Build.0 = Release|Any CPU
		{68336099-7831-46A2-BDF8-753CD830243E}.Debug|Any CPU.ActiveCfg = Debug|Any CPU
		{68336099-7831-46A2-BDF8-753CD830243E}.Debug|Any CPU.Build.0 = Debug|Any CPU
		{68336099-7831-46A2-BDF8-753CD830243E}.Release|Any CPU.ActiveCfg = Release|Any CPU
		{68336099-7831-46A2-BDF8-753CD830243E}.Release|Any CPU.Build.0 = Release|Any CPU
		{702BCF77-4C33-4865-9E7C-9AC61D0E490E}.Debug|Any CPU.ActiveCfg = Debug|Any CPU
		{702BCF77-4C33-4865-9E7C-9AC61D0E490E}.Debug|Any CPU.Build.0 = Debug|Any CPU
		{702BCF77-4C33-4865-9E7C-9AC61D0E490E}.Release|Any CPU.ActiveCfg = Release|Any CPU
		{702BCF77-4C33-4865-9E7C-9AC61D0E490E}.Release|Any CPU.Build.0 = Release|Any CPU
		{CBFFD194-B7A9-42CD-B2F8-7CDF89EB46F7}.Debug|Any CPU.ActiveCfg = Debug|Any CPU
		{CBFFD194-B7A9-42CD-B2F8-7CDF89EB46F7}.Debug|Any CPU.Build.0 = Debug|Any CPU
		{CBFFD194-B7A9-42CD-B2F8-7CDF89EB46F7}.Release|Any CPU.ActiveCfg = Release|Any CPU
		{CBFFD194-B7A9-42CD-B2F8-7CDF89EB46F7}.Release|Any CPU.Build.0 = Release|Any CPU
		{86F2C9FC-A3DB-4D42-89C2-CDD091893B1E}.Debug|Any CPU.ActiveCfg = Debug|Any CPU
		{86F2C9FC-A3DB-4D42-89C2-CDD091893B1E}.Debug|Any CPU.Build.0 = Debug|Any CPU
		{86F2C9FC-A3DB-4D42-89C2-CDD091893B1E}.Release|Any CPU.ActiveCfg = Release|Any CPU
		{86F2C9FC-A3DB-4D42-89C2-CDD091893B1E}.Release|Any CPU.Build.0 = Release|Any CPU
		{46E7DB39-F8A0-4FA8-BBA3-979F75C1AA6E}.Debug|Any CPU.ActiveCfg = Debug|Any CPU
		{46E7DB39-F8A0-4FA8-BBA3-979F75C1AA6E}.Debug|Any CPU.Build.0 = Debug|Any CPU
		{46E7DB39-F8A0-4FA8-BBA3-979F75C1AA6E}.Release|Any CPU.ActiveCfg = Release|Any CPU
		{46E7DB39-F8A0-4FA8-BBA3-979F75C1AA6E}.Release|Any CPU.Build.0 = Release|Any CPU
		{D83CA08E-4230-4ADF-8E7C-DE590C426B14}.Debug|Any CPU.ActiveCfg = Debug|Any CPU
		{D83CA08E-4230-4ADF-8E7C-DE590C426B14}.Debug|Any CPU.Build.0 = Debug|Any CPU
		{D83CA08E-4230-4ADF-8E7C-DE590C426B14}.Release|Any CPU.ActiveCfg = Release|Any CPU
		{D83CA08E-4230-4ADF-8E7C-DE590C426B14}.Release|Any CPU.Build.0 = Release|Any CPU
		{69C8F471-8939-4BEA-AFEC-B868E81A7124}.Debug|Any CPU.ActiveCfg = Debug|Any CPU
		{69C8F471-8939-4BEA-AFEC-B868E81A7124}.Debug|Any CPU.Build.0 = Debug|Any CPU
		{69C8F471-8939-4BEA-AFEC-B868E81A7124}.Release|Any CPU.ActiveCfg = Release|Any CPU
		{69C8F471-8939-4BEA-AFEC-B868E81A7124}.Release|Any CPU.Build.0 = Release|Any CPU
		{551D52DF-A209-419E-B03F-01FB388F4222}.Debug|Any CPU.ActiveCfg = Debug|Any CPU
		{551D52DF-A209-419E-B03F-01FB388F4222}.Debug|Any CPU.Build.0 = Debug|Any CPU
		{551D52DF-A209-419E-B03F-01FB388F4222}.Release|Any CPU.ActiveCfg = Release|Any CPU
		{551D52DF-A209-419E-B03F-01FB388F4222}.Release|Any CPU.Build.0 = Release|Any CPU
		{0659FBD4-FBCE-43BD-973B-B9219C70E857}.Debug|Any CPU.ActiveCfg = Debug|Any CPU
		{0659FBD4-FBCE-43BD-973B-B9219C70E857}.Debug|Any CPU.Build.0 = Debug|Any CPU
		{0659FBD4-FBCE-43BD-973B-B9219C70E857}.Release|Any CPU.ActiveCfg = Release|Any CPU
		{0659FBD4-FBCE-43BD-973B-B9219C70E857}.Release|Any CPU.Build.0 = Release|Any CPU
		{B94083FA-DF28-43E2-BA17-D0A2BC98D253}.Debug|Any CPU.ActiveCfg = Debug|Any CPU
		{B94083FA-DF28-43E2-BA17-D0A2BC98D253}.Debug|Any CPU.Build.0 = Debug|Any CPU
		{B94083FA-DF28-43E2-BA17-D0A2BC98D253}.Release|Any CPU.ActiveCfg = Release|Any CPU
		{B94083FA-DF28-43E2-BA17-D0A2BC98D253}.Release|Any CPU.Build.0 = Release|Any CPU
		{9FCB561E-7F77-4983-A313-3F31FEE00760}.Debug|Any CPU.ActiveCfg = Debug|Any CPU
		{9FCB561E-7F77-4983-A313-3F31FEE00760}.Debug|Any CPU.Build.0 = Debug|Any CPU
		{9FCB561E-7F77-4983-A313-3F31FEE00760}.Release|Any CPU.ActiveCfg = Release|Any CPU
		{9FCB561E-7F77-4983-A313-3F31FEE00760}.Release|Any CPU.Build.0 = Release|Any CPU
		{930D040D-4220-4B63-943D-F657BCCAF36D}.Debug|Any CPU.ActiveCfg = Debug|Any CPU
		{930D040D-4220-4B63-943D-F657BCCAF36D}.Debug|Any CPU.Build.0 = Debug|Any CPU
		{930D040D-4220-4B63-943D-F657BCCAF36D}.Release|Any CPU.ActiveCfg = Release|Any CPU
		{930D040D-4220-4B63-943D-F657BCCAF36D}.Release|Any CPU.Build.0 = Release|Any CPU
		{E1CA0B2A-2F06-4A9C-B628-70DFEA08D6D9}.Debug|Any CPU.ActiveCfg = Debug|Any CPU
		{E1CA0B2A-2F06-4A9C-B628-70DFEA08D6D9}.Debug|Any CPU.Build.0 = Debug|Any CPU
		{E1CA0B2A-2F06-4A9C-B628-70DFEA08D6D9}.Release|Any CPU.ActiveCfg = Release|Any CPU
		{E1CA0B2A-2F06-4A9C-B628-70DFEA08D6D9}.Release|Any CPU.Build.0 = Release|Any CPU
		{589647F4-3ED0-4893-920D-77A22AD41A7D}.Debug|Any CPU.ActiveCfg = Debug|Any CPU
		{589647F4-3ED0-4893-920D-77A22AD41A7D}.Debug|Any CPU.Build.0 = Debug|Any CPU
		{589647F4-3ED0-4893-920D-77A22AD41A7D}.Release|Any CPU.ActiveCfg = Release|Any CPU
		{589647F4-3ED0-4893-920D-77A22AD41A7D}.Release|Any CPU.Build.0 = Release|Any CPU
		{5475E05C-B02A-42AB-93C8-55B18868265A}.Debug|Any CPU.ActiveCfg = Debug|Any CPU
		{5475E05C-B02A-42AB-93C8-55B18868265A}.Debug|Any CPU.Build.0 = Debug|Any CPU
		{5475E05C-B02A-42AB-93C8-55B18868265A}.Release|Any CPU.ActiveCfg = Release|Any CPU
		{5475E05C-B02A-42AB-93C8-55B18868265A}.Release|Any CPU.Build.0 = Release|Any CPU
		{BF34F0B2-C8F9-48E5-9AC9-C575951D6AD3}.Debug|Any CPU.ActiveCfg = Debug|Any CPU
		{BF34F0B2-C8F9-48E5-9AC9-C575951D6AD3}.Debug|Any CPU.Build.0 = Debug|Any CPU
		{BF34F0B2-C8F9-48E5-9AC9-C575951D6AD3}.Release|Any CPU.ActiveCfg = Release|Any CPU
		{BF34F0B2-C8F9-48E5-9AC9-C575951D6AD3}.Release|Any CPU.Build.0 = Release|Any CPU
		{3B6F32E5-D093-4176-B0BC-B59A8D53D31B}.Debug|Any CPU.ActiveCfg = Debug|Any CPU
		{3B6F32E5-D093-4176-B0BC-B59A8D53D31B}.Debug|Any CPU.Build.0 = Debug|Any CPU
		{3B6F32E5-D093-4176-B0BC-B59A8D53D31B}.Release|Any CPU.ActiveCfg = Release|Any CPU
		{3B6F32E5-D093-4176-B0BC-B59A8D53D31B}.Release|Any CPU.Build.0 = Release|Any CPU
		{03C53184-AB5B-4E46-8827-0C284248AF91}.Debug|Any CPU.ActiveCfg = Debug|Any CPU
		{03C53184-AB5B-4E46-8827-0C284248AF91}.Debug|Any CPU.Build.0 = Debug|Any CPU
		{03C53184-AB5B-4E46-8827-0C284248AF91}.Release|Any CPU.ActiveCfg = Release|Any CPU
		{03C53184-AB5B-4E46-8827-0C284248AF91}.Release|Any CPU.Build.0 = Release|Any CPU
		{E78F4B71-1026-4AC5-8F85-625C042711C9}.Debug|Any CPU.ActiveCfg = Debug|Any CPU
		{E78F4B71-1026-4AC5-8F85-625C042711C9}.Debug|Any CPU.Build.0 = Debug|Any CPU
		{E78F4B71-1026-4AC5-8F85-625C042711C9}.Release|Any CPU.ActiveCfg = Release|Any CPU
		{E78F4B71-1026-4AC5-8F85-625C042711C9}.Release|Any CPU.Build.0 = Release|Any CPU
		{A5F706E8-3E3A-4F73-AE39-C9DFF2EC9772}.Debug|Any CPU.ActiveCfg = Debug|Any CPU
		{A5F706E8-3E3A-4F73-AE39-C9DFF2EC9772}.Debug|Any CPU.Build.0 = Debug|Any CPU
		{A5F706E8-3E3A-4F73-AE39-C9DFF2EC9772}.Release|Any CPU.ActiveCfg = Release|Any CPU
		{A5F706E8-3E3A-4F73-AE39-C9DFF2EC9772}.Release|Any CPU.Build.0 = Release|Any CPU
		{18761855-45A0-47CD-912A-23BAC8671B28}.Debug|Any CPU.ActiveCfg = Debug|Any CPU
		{18761855-45A0-47CD-912A-23BAC8671B28}.Debug|Any CPU.Build.0 = Debug|Any CPU
		{18761855-45A0-47CD-912A-23BAC8671B28}.Release|Any CPU.ActiveCfg = Release|Any CPU
		{18761855-45A0-47CD-912A-23BAC8671B28}.Release|Any CPU.Build.0 = Release|Any CPU
		{A873C129-97B2-4A36-80E0-25B37571A4F5}.Debug|Any CPU.ActiveCfg = Debug|Any CPU
		{A873C129-97B2-4A36-80E0-25B37571A4F5}.Debug|Any CPU.Build.0 = Debug|Any CPU
		{A873C129-97B2-4A36-80E0-25B37571A4F5}.Release|Any CPU.ActiveCfg = Release|Any CPU
		{A873C129-97B2-4A36-80E0-25B37571A4F5}.Release|Any CPU.Build.0 = Release|Any CPU
		{AE0E2355-F98C-48C7-B628-9BD1830118BE}.Debug|Any CPU.ActiveCfg = Debug|Any CPU
		{AE0E2355-F98C-48C7-B628-9BD1830118BE}.Debug|Any CPU.Build.0 = Debug|Any CPU
		{AE0E2355-F98C-48C7-B628-9BD1830118BE}.Release|Any CPU.ActiveCfg = Release|Any CPU
		{AE0E2355-F98C-48C7-B628-9BD1830118BE}.Release|Any CPU.Build.0 = Release|Any CPU
		{D85220EA-FA17-46ED-B8C5-D4477CD0A0BE}.Debug|Any CPU.ActiveCfg = Debug|Any CPU
		{D85220EA-FA17-46ED-B8C5-D4477CD0A0BE}.Debug|Any CPU.Build.0 = Debug|Any CPU
		{D85220EA-FA17-46ED-B8C5-D4477CD0A0BE}.Release|Any CPU.ActiveCfg = Release|Any CPU
		{D85220EA-FA17-46ED-B8C5-D4477CD0A0BE}.Release|Any CPU.Build.0 = Release|Any CPU
		{9FC4E91A-3D6F-4576-ADEF-96EA49FA093C}.Debug|Any CPU.ActiveCfg = Debug|Any CPU
		{9FC4E91A-3D6F-4576-ADEF-96EA49FA093C}.Debug|Any CPU.Build.0 = Debug|Any CPU
		{9FC4E91A-3D6F-4576-ADEF-96EA49FA093C}.Release|Any CPU.ActiveCfg = Release|Any CPU
		{9FC4E91A-3D6F-4576-ADEF-96EA49FA093C}.Release|Any CPU.Build.0 = Release|Any CPU
		{A8D02FDC-58A8-487B-9467-A74EA47FC7D9}.Debug|Any CPU.ActiveCfg = Debug|Any CPU
		{A8D02FDC-58A8-487B-9467-A74EA47FC7D9}.Debug|Any CPU.Build.0 = Debug|Any CPU
		{A8D02FDC-58A8-487B-9467-A74EA47FC7D9}.Release|Any CPU.ActiveCfg = Release|Any CPU
		{A8D02FDC-58A8-487B-9467-A74EA47FC7D9}.Release|Any CPU.Build.0 = Release|Any CPU
		{BD21048E-12E1-4B20-89C2-9837664ABA85}.Debug|Any CPU.ActiveCfg = Debug|Any CPU
		{BD21048E-12E1-4B20-89C2-9837664ABA85}.Debug|Any CPU.Build.0 = Debug|Any CPU
		{BD21048E-12E1-4B20-89C2-9837664ABA85}.Release|Any CPU.ActiveCfg = Release|Any CPU
		{BD21048E-12E1-4B20-89C2-9837664ABA85}.Release|Any CPU.Build.0 = Release|Any CPU
		{8B00B05A-19D4-4885-8752-793E21E5E753}.Debug|Any CPU.ActiveCfg = Debug|Any CPU
		{8B00B05A-19D4-4885-8752-793E21E5E753}.Debug|Any CPU.Build.0 = Debug|Any CPU
		{8B00B05A-19D4-4885-8752-793E21E5E753}.Release|Any CPU.ActiveCfg = Release|Any CPU
		{8B00B05A-19D4-4885-8752-793E21E5E753}.Release|Any CPU.Build.0 = Release|Any CPU
		{F67BC328-7CE4-40B5-8F04-812DDF0A5335}.Debug|Any CPU.ActiveCfg = Debug|Any CPU
		{F67BC328-7CE4-40B5-8F04-812DDF0A5335}.Debug|Any CPU.Build.0 = Debug|Any CPU
		{F67BC328-7CE4-40B5-8F04-812DDF0A5335}.Release|Any CPU.ActiveCfg = Release|Any CPU
		{F67BC328-7CE4-40B5-8F04-812DDF0A5335}.Release|Any CPU.Build.0 = Release|Any CPU
		{937F59A1-C238-483D-90B4-8C8033D1AD4F}.Debug|Any CPU.ActiveCfg = Debug|Any CPU
		{937F59A1-C238-483D-90B4-8C8033D1AD4F}.Debug|Any CPU.Build.0 = Debug|Any CPU
		{937F59A1-C238-483D-90B4-8C8033D1AD4F}.Release|Any CPU.ActiveCfg = Release|Any CPU
		{937F59A1-C238-483D-90B4-8C8033D1AD4F}.Release|Any CPU.Build.0 = Release|Any CPU
		{8EE27003-1529-4EDA-BEDD-23E3EA1751D4}.Debug|Any CPU.ActiveCfg = Debug|Any CPU
		{8EE27003-1529-4EDA-BEDD-23E3EA1751D4}.Debug|Any CPU.Build.0 = Debug|Any CPU
		{8EE27003-1529-4EDA-BEDD-23E3EA1751D4}.Release|Any CPU.ActiveCfg = Release|Any CPU
		{8EE27003-1529-4EDA-BEDD-23E3EA1751D4}.Release|Any CPU.Build.0 = Release|Any CPU
		{B69156F9-D278-42B7-91B2-DC97F26EF15C}.Debug|Any CPU.ActiveCfg = Debug|Any CPU
		{B69156F9-D278-42B7-91B2-DC97F26EF15C}.Debug|Any CPU.Build.0 = Debug|Any CPU
		{B69156F9-D278-42B7-91B2-DC97F26EF15C}.Release|Any CPU.ActiveCfg = Release|Any CPU
		{B69156F9-D278-42B7-91B2-DC97F26EF15C}.Release|Any CPU.Build.0 = Release|Any CPU
		{0040B2DC-786E-4325-8AE2-56FF33973FD3}.Debug|Any CPU.ActiveCfg = Debug|Any CPU
		{0040B2DC-786E-4325-8AE2-56FF33973FD3}.Debug|Any CPU.Build.0 = Debug|Any CPU
		{0040B2DC-786E-4325-8AE2-56FF33973FD3}.Release|Any CPU.ActiveCfg = Release|Any CPU
		{0040B2DC-786E-4325-8AE2-56FF33973FD3}.Release|Any CPU.Build.0 = Release|Any CPU
		{2B5F4647-C1E1-4AD5-AB3A-5E18A432466A}.Debug|Any CPU.ActiveCfg = Debug|Any CPU
		{2B5F4647-C1E1-4AD5-AB3A-5E18A432466A}.Debug|Any CPU.Build.0 = Debug|Any CPU
		{2B5F4647-C1E1-4AD5-AB3A-5E18A432466A}.Release|Any CPU.ActiveCfg = Release|Any CPU
		{2B5F4647-C1E1-4AD5-AB3A-5E18A432466A}.Release|Any CPU.Build.0 = Release|Any CPU
		{40721DF4-6B9C-4F6E-A6D5-86AA192C5F91}.Debug|Any CPU.ActiveCfg = Debug|Any CPU
		{40721DF4-6B9C-4F6E-A6D5-86AA192C5F91}.Debug|Any CPU.Build.0 = Debug|Any CPU
		{40721DF4-6B9C-4F6E-A6D5-86AA192C5F91}.Release|Any CPU.ActiveCfg = Release|Any CPU
		{40721DF4-6B9C-4F6E-A6D5-86AA192C5F91}.Release|Any CPU.Build.0 = Release|Any CPU
		{FB1CF431-1E8D-4507-AE9A-04833D422EFC}.Debug|Any CPU.ActiveCfg = Debug|Any CPU
		{FB1CF431-1E8D-4507-AE9A-04833D422EFC}.Debug|Any CPU.Build.0 = Debug|Any CPU
		{FB1CF431-1E8D-4507-AE9A-04833D422EFC}.Release|Any CPU.ActiveCfg = Release|Any CPU
		{FB1CF431-1E8D-4507-AE9A-04833D422EFC}.Release|Any CPU.Build.0 = Release|Any CPU
	EndGlobalSection
	GlobalSection(SolutionProperties) = preSolution
		HideSolutionNode = FALSE
	EndGlobalSection
	GlobalSection(ExtensibilityGlobals) = postSolution
		SolutionGuid = {A8B7C26A-CD47-401F-BF0B-6E42F8D75294}
	EndGlobalSection
EndGlobal
