
Microsoft Visual Studio Solution File, Format Version 12.00
# Visual Studio Version 17
VisualStudioVersion = 17.2.32630.192
MinimumVisualStudioVersion = 10.0.40219.1
Project("{9A19103F-16F7-4668-BE54-9A1E7A4F7556}") = "R5T.L0056", "R5T.L0056\R5T.L0056.csproj", "{08D674DF-4C24-4B12-8F9B-C8FFC672F6B8}"
EndProject
Project("{2150E333-8FDC-42A3-9474-1A3956D46DE8}") = "_Dependencies", "_Dependencies", "{909228AD-5BF8-401F-A094-9D6A0E0464E9}"
EndProject
Project("{9A19103F-16F7-4668-BE54-9A1E7A4F7556}") = "R5T.L0053", "..\..\R5T.L0053\source\R5T.L0053\R5T.L0053.csproj", "{816C52EC-1BE0-49AB-A32E-241C890164A5}"
EndProject
Project("{9A19103F-16F7-4668-BE54-9A1E7A4F7556}") = "R5T.T0131", "..\..\R5T.T0131\source\R5T.T0131\R5T.T0131.csproj", "{BA2FC625-04F6-4D73-93D0-51E78635E0FF}"
EndProject
Project("{9A19103F-16F7-4668-BE54-9A1E7A4F7556}") = "R5T.T0132", "..\..\R5T.T0132\source\R5T.T0132\R5T.T0132.csproj", "{AEA7963A-ED39-4A79-AAAC-60734D552664}"
EndProject
Project("{9A19103F-16F7-4668-BE54-9A1E7A4F7556}") = "R5T.T0142", "..\..\R5T.T0142\source\R5T.T0142\R5T.T0142.csproj", "{5530DCB5-EF81-4A4D-8A8A-62241C08D38C}"
EndProject
Project("{9A19103F-16F7-4668-BE54-9A1E7A4F7556}") = "R5T.T0143", "..\..\R5T.T0143\source\R5T.T0143\R5T.T0143.csproj", "{0A1883BD-B27C-4F48-8DEC-51F870567461}"
EndProject
Project("{9A19103F-16F7-4668-BE54-9A1E7A4F7556}") = "R5T.T0150", "..\..\R5T.T0150\source\R5T.T0150\R5T.T0150.csproj", "{E8481463-853B-4A24-9B22-EC9158FE23E0}"
EndProject
Project("{9A19103F-16F7-4668-BE54-9A1E7A4F7556}") = "R5T.T0151", "..\..\R5T.T0151\source\R5T.T0151\R5T.T0151.csproj", "{605D9036-BA81-4BAD-BA28-348457D6FFDE}"
EndProject
Project("{9A19103F-16F7-4668-BE54-9A1E7A4F7556}") = "R5T.T0156", "..\..\R5T.T0156\source\R5T.T0156\R5T.T0156.csproj", "{79D516D0-0C93-4084-AB16-341734E9092F}"
EndProject
Project("{9A19103F-16F7-4668-BE54-9A1E7A4F7556}") = "R5T.T0172", "..\..\R5T.T0172\source\R5T.T0172\R5T.T0172.csproj", "{39FAE96F-5D89-4940-9FB0-463F37666009}"
EndProject
Project("{9A19103F-16F7-4668-BE54-9A1E7A4F7556}") = "R5T.T0178", "..\..\R5T.T0178\source\R5T.T0178\R5T.T0178.csproj", "{CEAF8160-D2CB-453D-81DD-368A7AA1C15F}"
EndProject
Project("{9A19103F-16F7-4668-BE54-9A1E7A4F7556}") = "R5T.T0179", "..\..\R5T.T0179\source\R5T.T0179\R5T.T0179.csproj", "{AC876581-D78A-42F0-A884-CEF2BBBB6157}"
EndProject
Project("{9A19103F-16F7-4668-BE54-9A1E7A4F7556}") = "R5T.T0180", "..\..\R5T.T0180\source\R5T.T0180\R5T.T0180.csproj", "{41BA6DF7-04E4-4F91-B893-65A3F4ADFD14}"
EndProject
Project("{9A19103F-16F7-4668-BE54-9A1E7A4F7556}") = "R5T.T0181", "..\..\R5T.T0181\source\R5T.T0181\R5T.T0181.csproj", "{A6290949-9C72-4374-BC20-2FC505E5112A}"
EndProject
Project("{9A19103F-16F7-4668-BE54-9A1E7A4F7556}") = "R5T.T0199", "..\..\R5T.T0199\source\R5T.T0199\R5T.T0199.csproj", "{87A7100E-A93D-4F83-9177-3FD8EBBD11F2}"
EndProject
Project("{9A19103F-16F7-4668-BE54-9A1E7A4F7556}") = "R5T.T0213", "..\..\R5T.T0213\source\R5T.T0213\R5T.T0213.csproj", "{91E870D0-DBC7-4DDA-86AB-7F40D2E0A305}"
EndProject
Project("{9A19103F-16F7-4668-BE54-9A1E7A4F7556}") = "R5T.T0221", "..\..\R5T.T0221\source\R5T.T0221\R5T.T0221.csproj", "{9B0DDD6C-7EF3-47EB-9546-BF3E794A8F48}"
EndProject
Project("{9A19103F-16F7-4668-BE54-9A1E7A4F7556}") = "R5T.T0227", "..\..\R5T.T0227\source\R5T.T0227\R5T.T0227.csproj", "{BA9B0556-CB92-45A8-A815-99519846151A}"
EndProject
Project("{9A19103F-16F7-4668-BE54-9A1E7A4F7556}") = "R5T.Y0000", "..\..\R5T.Y0000\source\R5T.Y0000\R5T.Y0000.csproj", "{4D230B65-381B-4324-BFB1-801B8D154915}"
EndProject
Project("{9A19103F-16F7-4668-BE54-9A1E7A4F7556}") = "R5T.Z0000", "..\..\R5T.Z0000\source\R5T.Z0000\R5T.Z0000.csproj", "{82C15B06-C329-45CD-8154-7FC18C629725}"
EndProject
Project("{9A19103F-16F7-4668-BE54-9A1E7A4F7556}") = "R5T.Z0010.Platform", "..\..\R5T.Z0010\source\R5T.Z0010.Platform\R5T.Z0010.Platform.csproj", "{1E606A58-6B77-462E-8D28-11216255AE10}"
EndProject
Project("{9A19103F-16F7-4668-BE54-9A1E7A4F7556}") = "R5T.Z0010", "..\..\R5T.Z0010\source\R5T.Z0010\R5T.Z0010.csproj", "{CCD583BE-2396-43D2-843C-056039650CD3}"
EndProject
Global
	GlobalSection(NestedProjects) = preSolution
		{816C52EC-1BE0-49AB-A32E-241C890164A5} = {909228AD-5BF8-401F-A094-9D6A0E0464E9}
		{BA2FC625-04F6-4D73-93D0-51E78635E0FF} = {909228AD-5BF8-401F-A094-9D6A0E0464E9}
		{AEA7963A-ED39-4A79-AAAC-60734D552664} = {909228AD-5BF8-401F-A094-9D6A0E0464E9}
		{5530DCB5-EF81-4A4D-8A8A-62241C08D38C} = {909228AD-5BF8-401F-A094-9D6A0E0464E9}
		{0A1883BD-B27C-4F48-8DEC-51F870567461} = {909228AD-5BF8-401F-A094-9D6A0E0464E9}
		{E8481463-853B-4A24-9B22-EC9158FE23E0} = {909228AD-5BF8-401F-A094-9D6A0E0464E9}
		{605D9036-BA81-4BAD-BA28-348457D6FFDE} = {909228AD-5BF8-401F-A094-9D6A0E0464E9}
		{79D516D0-0C93-4084-AB16-341734E9092F} = {909228AD-5BF8-401F-A094-9D6A0E0464E9}
		{39FAE96F-5D89-4940-9FB0-463F37666009} = {909228AD-5BF8-401F-A094-9D6A0E0464E9}
		{CEAF8160-D2CB-453D-81DD-368A7AA1C15F} = {909228AD-5BF8-401F-A094-9D6A0E0464E9}
		{AC876581-D78A-42F0-A884-CEF2BBBB6157} = {909228AD-5BF8-401F-A094-9D6A0E0464E9}
		{41BA6DF7-04E4-4F91-B893-65A3F4ADFD14} = {909228AD-5BF8-401F-A094-9D6A0E0464E9}
		{A6290949-9C72-4374-BC20-2FC505E5112A} = {909228AD-5BF8-401F-A094-9D6A0E0464E9}
		{87A7100E-A93D-4F83-9177-3FD8EBBD11F2} = {909228AD-5BF8-401F-A094-9D6A0E0464E9}
		{91E870D0-DBC7-4DDA-86AB-7F40D2E0A305} = {909228AD-5BF8-401F-A094-9D6A0E0464E9}
		{9B0DDD6C-7EF3-47EB-9546-BF3E794A8F48} = {909228AD-5BF8-401F-A094-9D6A0E0464E9}
		{BA9B0556-CB92-45A8-A815-99519846151A} = {909228AD-5BF8-401F-A094-9D6A0E0464E9}
		{4D230B65-381B-4324-BFB1-801B8D154915} = {909228AD-5BF8-401F-A094-9D6A0E0464E9}
		{82C15B06-C329-45CD-8154-7FC18C629725} = {909228AD-5BF8-401F-A094-9D6A0E0464E9}
		{1E606A58-6B77-462E-8D28-11216255AE10} = {909228AD-5BF8-401F-A094-9D6A0E0464E9}
		{CCD583BE-2396-43D2-843C-056039650CD3} = {909228AD-5BF8-401F-A094-9D6A0E0464E9}
	EndGlobalSection
	GlobalSection(SolutionConfigurationPlatforms) = preSolution
		Debug|Any CPU = Debug|Any CPU
		Release|Any CPU = Release|Any CPU
	EndGlobalSection
	GlobalSection(ProjectConfigurationPlatforms) = postSolution
		{08D674DF-4C24-4B12-8F9B-C8FFC672F6B8}.Debug|Any CPU.ActiveCfg = Debug|Any CPU
		{08D674DF-4C24-4B12-8F9B-C8FFC672F6B8}.Debug|Any CPU.Build.0 = Debug|Any CPU
		{08D674DF-4C24-4B12-8F9B-C8FFC672F6B8}.Release|Any CPU.ActiveCfg = Release|Any CPU
		{08D674DF-4C24-4B12-8F9B-C8FFC672F6B8}.Release|Any CPU.Build.0 = Release|Any CPU
		{816C52EC-1BE0-49AB-A32E-241C890164A5}.Debug|Any CPU.ActiveCfg = Debug|Any CPU
		{816C52EC-1BE0-49AB-A32E-241C890164A5}.Debug|Any CPU.Build.0 = Debug|Any CPU
		{816C52EC-1BE0-49AB-A32E-241C890164A5}.Release|Any CPU.ActiveCfg = Release|Any CPU
		{816C52EC-1BE0-49AB-A32E-241C890164A5}.Release|Any CPU.Build.0 = Release|Any CPU
		{BA2FC625-04F6-4D73-93D0-51E78635E0FF}.Debug|Any CPU.ActiveCfg = Debug|Any CPU
		{BA2FC625-04F6-4D73-93D0-51E78635E0FF}.Debug|Any CPU.Build.0 = Debug|Any CPU
		{BA2FC625-04F6-4D73-93D0-51E78635E0FF}.Release|Any CPU.ActiveCfg = Release|Any CPU
		{BA2FC625-04F6-4D73-93D0-51E78635E0FF}.Release|Any CPU.Build.0 = Release|Any CPU
		{AEA7963A-ED39-4A79-AAAC-60734D552664}.Debug|Any CPU.ActiveCfg = Debug|Any CPU
		{AEA7963A-ED39-4A79-AAAC-60734D552664}.Debug|Any CPU.Build.0 = Debug|Any CPU
		{AEA7963A-ED39-4A79-AAAC-60734D552664}.Release|Any CPU.ActiveCfg = Release|Any CPU
		{AEA7963A-ED39-4A79-AAAC-60734D552664}.Release|Any CPU.Build.0 = Release|Any CPU
		{5530DCB5-EF81-4A4D-8A8A-62241C08D38C}.Debug|Any CPU.ActiveCfg = Debug|Any CPU
		{5530DCB5-EF81-4A4D-8A8A-62241C08D38C}.Debug|Any CPU.Build.0 = Debug|Any CPU
		{5530DCB5-EF81-4A4D-8A8A-62241C08D38C}.Release|Any CPU.ActiveCfg = Release|Any CPU
		{5530DCB5-EF81-4A4D-8A8A-62241C08D38C}.Release|Any CPU.Build.0 = Release|Any CPU
		{0A1883BD-B27C-4F48-8DEC-51F870567461}.Debug|Any CPU.ActiveCfg = Debug|Any CPU
		{0A1883BD-B27C-4F48-8DEC-51F870567461}.Debug|Any CPU.Build.0 = Debug|Any CPU
		{0A1883BD-B27C-4F48-8DEC-51F870567461}.Release|Any CPU.ActiveCfg = Release|Any CPU
		{0A1883BD-B27C-4F48-8DEC-51F870567461}.Release|Any CPU.Build.0 = Release|Any CPU
		{E8481463-853B-4A24-9B22-EC9158FE23E0}.Debug|Any CPU.ActiveCfg = Debug|Any CPU
		{E8481463-853B-4A24-9B22-EC9158FE23E0}.Debug|Any CPU.Build.0 = Debug|Any CPU
		{E8481463-853B-4A24-9B22-EC9158FE23E0}.Release|Any CPU.ActiveCfg = Release|Any CPU
		{E8481463-853B-4A24-9B22-EC9158FE23E0}.Release|Any CPU.Build.0 = Release|Any CPU
		{605D9036-BA81-4BAD-BA28-348457D6FFDE}.Debug|Any CPU.ActiveCfg = Debug|Any CPU
		{605D9036-BA81-4BAD-BA28-348457D6FFDE}.Debug|Any CPU.Build.0 = Debug|Any CPU
		{605D9036-BA81-4BAD-BA28-348457D6FFDE}.Release|Any CPU.ActiveCfg = Release|Any CPU
		{605D9036-BA81-4BAD-BA28-348457D6FFDE}.Release|Any CPU.Build.0 = Release|Any CPU
		{79D516D0-0C93-4084-AB16-341734E9092F}.Debug|Any CPU.ActiveCfg = Debug|Any CPU
		{79D516D0-0C93-4084-AB16-341734E9092F}.Debug|Any CPU.Build.0 = Debug|Any CPU
		{79D516D0-0C93-4084-AB16-341734E9092F}.Release|Any CPU.ActiveCfg = Release|Any CPU
		{79D516D0-0C93-4084-AB16-341734E9092F}.Release|Any CPU.Build.0 = Release|Any CPU
		{39FAE96F-5D89-4940-9FB0-463F37666009}.Debug|Any CPU.ActiveCfg = Debug|Any CPU
		{39FAE96F-5D89-4940-9FB0-463F37666009}.Debug|Any CPU.Build.0 = Debug|Any CPU
		{39FAE96F-5D89-4940-9FB0-463F37666009}.Release|Any CPU.ActiveCfg = Release|Any CPU
		{39FAE96F-5D89-4940-9FB0-463F37666009}.Release|Any CPU.Build.0 = Release|Any CPU
		{CEAF8160-D2CB-453D-81DD-368A7AA1C15F}.Debug|Any CPU.ActiveCfg = Debug|Any CPU
		{CEAF8160-D2CB-453D-81DD-368A7AA1C15F}.Debug|Any CPU.Build.0 = Debug|Any CPU
		{CEAF8160-D2CB-453D-81DD-368A7AA1C15F}.Release|Any CPU.ActiveCfg = Release|Any CPU
		{CEAF8160-D2CB-453D-81DD-368A7AA1C15F}.Release|Any CPU.Build.0 = Release|Any CPU
		{AC876581-D78A-42F0-A884-CEF2BBBB6157}.Debug|Any CPU.ActiveCfg = Debug|Any CPU
		{AC876581-D78A-42F0-A884-CEF2BBBB6157}.Debug|Any CPU.Build.0 = Debug|Any CPU
		{AC876581-D78A-42F0-A884-CEF2BBBB6157}.Release|Any CPU.ActiveCfg = Release|Any CPU
		{AC876581-D78A-42F0-A884-CEF2BBBB6157}.Release|Any CPU.Build.0 = Release|Any CPU
		{41BA6DF7-04E4-4F91-B893-65A3F4ADFD14}.Debug|Any CPU.ActiveCfg = Debug|Any CPU
		{41BA6DF7-04E4-4F91-B893-65A3F4ADFD14}.Debug|Any CPU.Build.0 = Debug|Any CPU
		{41BA6DF7-04E4-4F91-B893-65A3F4ADFD14}.Release|Any CPU.ActiveCfg = Release|Any CPU
		{41BA6DF7-04E4-4F91-B893-65A3F4ADFD14}.Release|Any CPU.Build.0 = Release|Any CPU
		{A6290949-9C72-4374-BC20-2FC505E5112A}.Debug|Any CPU.ActiveCfg = Debug|Any CPU
		{A6290949-9C72-4374-BC20-2FC505E5112A}.Debug|Any CPU.Build.0 = Debug|Any CPU
		{A6290949-9C72-4374-BC20-2FC505E5112A}.Release|Any CPU.ActiveCfg = Release|Any CPU
		{A6290949-9C72-4374-BC20-2FC505E5112A}.Release|Any CPU.Build.0 = Release|Any CPU
		{87A7100E-A93D-4F83-9177-3FD8EBBD11F2}.Debug|Any CPU.ActiveCfg = Debug|Any CPU
		{87A7100E-A93D-4F83-9177-3FD8EBBD11F2}.Debug|Any CPU.Build.0 = Debug|Any CPU
		{87A7100E-A93D-4F83-9177-3FD8EBBD11F2}.Release|Any CPU.ActiveCfg = Release|Any CPU
		{87A7100E-A93D-4F83-9177-3FD8EBBD11F2}.Release|Any CPU.Build.0 = Release|Any CPU
		{91E870D0-DBC7-4DDA-86AB-7F40D2E0A305}.Debug|Any CPU.ActiveCfg = Debug|Any CPU
		{91E870D0-DBC7-4DDA-86AB-7F40D2E0A305}.Debug|Any CPU.Build.0 = Debug|Any CPU
		{91E870D0-DBC7-4DDA-86AB-7F40D2E0A305}.Release|Any CPU.ActiveCfg = Release|Any CPU
		{91E870D0-DBC7-4DDA-86AB-7F40D2E0A305}.Release|Any CPU.Build.0 = Release|Any CPU
		{9B0DDD6C-7EF3-47EB-9546-BF3E794A8F48}.Debug|Any CPU.ActiveCfg = Debug|Any CPU
		{9B0DDD6C-7EF3-47EB-9546-BF3E794A8F48}.Debug|Any CPU.Build.0 = Debug|Any CPU
		{9B0DDD6C-7EF3-47EB-9546-BF3E794A8F48}.Release|Any CPU.ActiveCfg = Release|Any CPU
		{9B0DDD6C-7EF3-47EB-9546-BF3E794A8F48}.Release|Any CPU.Build.0 = Release|Any CPU
		{BA9B0556-CB92-45A8-A815-99519846151A}.Debug|Any CPU.ActiveCfg = Debug|Any CPU
		{BA9B0556-CB92-45A8-A815-99519846151A}.Debug|Any CPU.Build.0 = Debug|Any CPU
		{BA9B0556-CB92-45A8-A815-99519846151A}.Release|Any CPU.ActiveCfg = Release|Any CPU
		{BA9B0556-CB92-45A8-A815-99519846151A}.Release|Any CPU.Build.0 = Release|Any CPU
		{4D230B65-381B-4324-BFB1-801B8D154915}.Debug|Any CPU.ActiveCfg = Debug|Any CPU
		{4D230B65-381B-4324-BFB1-801B8D154915}.Debug|Any CPU.Build.0 = Debug|Any CPU
		{4D230B65-381B-4324-BFB1-801B8D154915}.Release|Any CPU.ActiveCfg = Release|Any CPU
		{4D230B65-381B-4324-BFB1-801B8D154915}.Release|Any CPU.Build.0 = Release|Any CPU
		{82C15B06-C329-45CD-8154-7FC18C629725}.Debug|Any CPU.ActiveCfg = Debug|Any CPU
		{82C15B06-C329-45CD-8154-7FC18C629725}.Debug|Any CPU.Build.0 = Debug|Any CPU
		{82C15B06-C329-45CD-8154-7FC18C629725}.Release|Any CPU.ActiveCfg = Release|Any CPU
		{82C15B06-C329-45CD-8154-7FC18C629725}.Release|Any CPU.Build.0 = Release|Any CPU
		{1E606A58-6B77-462E-8D28-11216255AE10}.Debug|Any CPU.ActiveCfg = Debug|Any CPU
		{1E606A58-6B77-462E-8D28-11216255AE10}.Debug|Any CPU.Build.0 = Debug|Any CPU
		{1E606A58-6B77-462E-8D28-11216255AE10}.Release|Any CPU.ActiveCfg = Release|Any CPU
		{1E606A58-6B77-462E-8D28-11216255AE10}.Release|Any CPU.Build.0 = Release|Any CPU
		{CCD583BE-2396-43D2-843C-056039650CD3}.Debug|Any CPU.ActiveCfg = Debug|Any CPU
		{CCD583BE-2396-43D2-843C-056039650CD3}.Debug|Any CPU.Build.0 = Debug|Any CPU
		{CCD583BE-2396-43D2-843C-056039650CD3}.Release|Any CPU.ActiveCfg = Release|Any CPU
		{CCD583BE-2396-43D2-843C-056039650CD3}.Release|Any CPU.Build.0 = Release|Any CPU
	EndGlobalSection
	GlobalSection(SolutionProperties) = preSolution
		HideSolutionNode = FALSE
	EndGlobalSection
	GlobalSection(ExtensibilityGlobals) = postSolution
		SolutionGuid = {EAB7BD10-9C09-4EB1-A6E6-B1AE2B4FC5A7}
	EndGlobalSection
EndGlobal
